
Microsoft Visual Studio Solution File, Format Version 12.00
# Visual Studio 15
VisualStudioVersion = 15.0.27004.2006
MinimumVisualStudioVersion = 10.0.40219.1
Project("{8BC9CEB8-8B4A-11D0-8D11-00A0C91BC942}") = "ntfs", ".vs\ntfs.vcxproj", "{DFA0BA98-D0BA-4176-9A34-B5BA6355B1DE}"
	ProjectSection(ProjectDependencies) = postProject
		{628E3F58-0AA9-40BB-8E49-D8CC513AAD63} = {628E3F58-0AA9-40BB-8E49-D8CC513AAD63}
		{3135D563-9596-4584-9ED6-616ADEC52974} = {3135D563-9596-4584-9ED6-616ADEC52974}
		{E65DAD8F-B2D7-4CF7-9151-FBFCEF766968} = {E65DAD8F-B2D7-4CF7-9151-FBFCEF766968}
	EndProjectSection
EndProject
Project("{8BC9CEB8-8B4A-11D0-8D11-00A0C91BC942}") = "exfat", ".vs\exfat.vcxproj", "{25E5B551-F9DD-4D25-A7CD-A1090B558A49}"
	ProjectSection(ProjectDependencies) = postProject
		{628E3F58-0AA9-40BB-8E49-D8CC513AAD63} = {628E3F58-0AA9-40BB-8E49-D8CC513AAD63}
		{3135D563-9596-4584-9ED6-616ADEC52974} = {3135D563-9596-4584-9ED6-616ADEC52974}
		{E65DAD8F-B2D7-4CF7-9151-FBFCEF766968} = {E65DAD8F-B2D7-4CF7-9151-FBFCEF766968}
	EndProjectSection
EndProject
Project("{8BC9CEB8-8B4A-11D0-8D11-00A0C91BC942}") = "ext2", ".vs\ext2.vcxproj", "{78B6BD15-644D-496B-A5B0-1D964696D867}"
	ProjectSection(ProjectDependencies) = postProject
		{628E3F58-0AA9-40BB-8E49-D8CC513AAD63} = {628E3F58-0AA9-40BB-8E49-D8CC513AAD63}
		{3135D563-9596-4584-9ED6-616ADEC52974} = {3135D563-9596-4584-9ED6-616ADEC52974}
		{E65DAD8F-B2D7-4CF7-9151-FBFCEF766968} = {E65DAD8F-B2D7-4CF7-9151-FBFCEF766968}
	EndProjectSection
EndProject
Project("{8BC9CEB8-8B4A-11D0-8D11-00A0C91BC942}") = "iso9660", ".vs\iso9660.vcxproj", "{A6F3DBC3-01FE-4A63-B24D-927B0920D393}"
	ProjectSection(ProjectDependencies) = postProject
		{628E3F58-0AA9-40BB-8E49-D8CC513AAD63} = {628E3F58-0AA9-40BB-8E49-D8CC513AAD63}
		{3135D563-9596-4584-9ED6-616ADEC52974} = {3135D563-9596-4584-9ED6-616ADEC52974}
		{E65DAD8F-B2D7-4CF7-9151-FBFCEF766968} = {E65DAD8F-B2D7-4CF7-9151-FBFCEF766968}
	EndProjectSection
EndProject
Project("{8BC9CEB8-8B4A-11D0-8D11-00A0C91BC942}") = "efifs", ".vs\efifs.vcxproj", "{E65DAD8F-B2D7-4CF7-9151-FBFCEF766968}"
	ProjectSection(ProjectDependencies) = postProject
		{628E3F58-0AA9-40BB-8E49-D8CC513AAD63} = {628E3F58-0AA9-40BB-8E49-D8CC513AAD63}
		{3135D563-9596-4584-9ED6-616ADEC52974} = {3135D563-9596-4584-9ED6-616ADEC52974}
	EndProjectSection
EndProject
Project("{8BC9CEB8-8B4A-11D0-8D11-00A0C91BC942}") = "gnu-efi", ".vs\gnu-efi.vcxproj", "{3135D563-9596-4584-9ED6-616ADEC52974}"
EndProject
Project("{8BC9CEB8-8B4A-11D0-8D11-00A0C91BC942}") = "grub", ".vs\grub.vcxproj", "{628E3F58-0AA9-40BB-8E49-D8CC513AAD63}"
	ProjectSection(ProjectDependencies) = postProject
		{3135D563-9596-4584-9ED6-616ADEC52974} = {3135D563-9596-4584-9ED6-616ADEC52974}
	EndProjectSection
EndProject
Project("{2150E333-8FDC-42A3-9474-1A3956D46DE8}") = "drivers", "drivers", "{F52EBFEF-72E2-444F-8BE5-36059421C6D5}"
EndProject
Project("{2150E333-8FDC-42A3-9474-1A3956D46DE8}") = "libraries", "libraries", "{D2A21B22-26D9-467B-AD07-EFE7D6164FF0}"
EndProject
Project("{8BC9CEB8-8B4A-11D0-8D11-00A0C91BC942}") = "affs", ".vs\affs.vcxproj", "{984927FE-DDE3-4BD6-B289-F8E49A1204B8}"
	ProjectSection(ProjectDependencies) = postProject
		{628E3F58-0AA9-40BB-8E49-D8CC513AAD63} = {628E3F58-0AA9-40BB-8E49-D8CC513AAD63}
		{3135D563-9596-4584-9ED6-616ADEC52974} = {3135D563-9596-4584-9ED6-616ADEC52974}
		{E65DAD8F-B2D7-4CF7-9151-FBFCEF766968} = {E65DAD8F-B2D7-4CF7-9151-FBFCEF766968}
	EndProjectSection
EndProject
Project("{8BC9CEB8-8B4A-11D0-8D11-00A0C91BC942}") = "bfs", ".vs\bfs.vcxproj", "{D085632B-FEE9-4126-A6ED-030E88F4B8A3}"
	ProjectSection(ProjectDependencies) = postProject
		{628E3F58-0AA9-40BB-8E49-D8CC513AAD63} = {628E3F58-0AA9-40BB-8E49-D8CC513AAD63}
		{3135D563-9596-4584-9ED6-616ADEC52974} = {3135D563-9596-4584-9ED6-616ADEC52974}
		{E65DAD8F-B2D7-4CF7-9151-FBFCEF766968} = {E65DAD8F-B2D7-4CF7-9151-FBFCEF766968}
	EndProjectSection
EndProject
Project("{8BC9CEB8-8B4A-11D0-8D11-00A0C91BC942}") = "btrfs", ".vs\btrfs.vcxproj", "{90A6AF01-88EF-4A77-956D-5391B6D097A3}"
	ProjectSection(ProjectDependencies) = postProject
		{628E3F58-0AA9-40BB-8E49-D8CC513AAD63} = {628E3F58-0AA9-40BB-8E49-D8CC513AAD63}
		{3135D563-9596-4584-9ED6-616ADEC52974} = {3135D563-9596-4584-9ED6-616ADEC52974}
		{E65DAD8F-B2D7-4CF7-9151-FBFCEF766968} = {E65DAD8F-B2D7-4CF7-9151-FBFCEF766968}
	EndProjectSection
EndProject
Project("{8BC9CEB8-8B4A-11D0-8D11-00A0C91BC942}") = "hfs", ".vs\hfs.vcxproj", "{3C59992B-38EA-43B4-B015-AC8CFA2E2494}"
	ProjectSection(ProjectDependencies) = postProject
		{628E3F58-0AA9-40BB-8E49-D8CC513AAD63} = {628E3F58-0AA9-40BB-8E49-D8CC513AAD63}
		{3135D563-9596-4584-9ED6-616ADEC52974} = {3135D563-9596-4584-9ED6-616ADEC52974}
		{E65DAD8F-B2D7-4CF7-9151-FBFCEF766968} = {E65DAD8F-B2D7-4CF7-9151-FBFCEF766968}
	EndProjectSection
EndProject
Project("{8BC9CEB8-8B4A-11D0-8D11-00A0C91BC942}") = "hfsplus", ".vs\hfsplus.vcxproj", "{1596254C-F747-4AEC-AFB7-0D06404A7A60}"
	ProjectSection(ProjectDependencies) = postProject
		{628E3F58-0AA9-40BB-8E49-D8CC513AAD63} = {628E3F58-0AA9-40BB-8E49-D8CC513AAD63}
		{3135D563-9596-4584-9ED6-616ADEC52974} = {3135D563-9596-4584-9ED6-616ADEC52974}
		{E65DAD8F-B2D7-4CF7-9151-FBFCEF766968} = {E65DAD8F-B2D7-4CF7-9151-FBFCEF766968}
	EndProjectSection
EndProject
Project("{8BC9CEB8-8B4A-11D0-8D11-00A0C91BC942}") = "jfs", ".vs\jfs.vcxproj", "{74F44DD7-6267-40AD-A5E8-931FFA363D2A}"
	ProjectSection(ProjectDependencies) = postProject
		{628E3F58-0AA9-40BB-8E49-D8CC513AAD63} = {628E3F58-0AA9-40BB-8E49-D8CC513AAD63}
		{3135D563-9596-4584-9ED6-616ADEC52974} = {3135D563-9596-4584-9ED6-616ADEC52974}
		{E65DAD8F-B2D7-4CF7-9151-FBFCEF766968} = {E65DAD8F-B2D7-4CF7-9151-FBFCEF766968}
	EndProjectSection
EndProject
Project("{8BC9CEB8-8B4A-11D0-8D11-00A0C91BC942}") = "nilfs2", ".vs\nilfs2.vcxproj", "{D9277A92-969D-400C-AC7A-26BD17D8C54F}"
	ProjectSection(ProjectDependencies) = postProject
		{628E3F58-0AA9-40BB-8E49-D8CC513AAD63} = {628E3F58-0AA9-40BB-8E49-D8CC513AAD63}
		{3135D563-9596-4584-9ED6-616ADEC52974} = {3135D563-9596-4584-9ED6-616ADEC52974}
		{E65DAD8F-B2D7-4CF7-9151-FBFCEF766968} = {E65DAD8F-B2D7-4CF7-9151-FBFCEF766968}
	EndProjectSection
EndProject
Project("{8BC9CEB8-8B4A-11D0-8D11-00A0C91BC942}") = "reiserfs", ".vs\reiserfs.vcxproj", "{BE4C8D10-A2B6-4442-92F3-B3589EF35AEE}"
	ProjectSection(ProjectDependencies) = postProject
		{628E3F58-0AA9-40BB-8E49-D8CC513AAD63} = {628E3F58-0AA9-40BB-8E49-D8CC513AAD63}
		{3135D563-9596-4584-9ED6-616ADEC52974} = {3135D563-9596-4584-9ED6-616ADEC52974}
		{E65DAD8F-B2D7-4CF7-9151-FBFCEF766968} = {E65DAD8F-B2D7-4CF7-9151-FBFCEF766968}
	EndProjectSection
EndProject
Project("{8BC9CEB8-8B4A-11D0-8D11-00A0C91BC942}") = "sfs", ".vs\sfs.vcxproj", "{93BAE040-345F-43F9-BB5B-CD466793CFDF}"
	ProjectSection(ProjectDependencies) = postProject
		{628E3F58-0AA9-40BB-8E49-D8CC513AAD63} = {628E3F58-0AA9-40BB-8E49-D8CC513AAD63}
		{3135D563-9596-4584-9ED6-616ADEC52974} = {3135D563-9596-4584-9ED6-616ADEC52974}
		{E65DAD8F-B2D7-4CF7-9151-FBFCEF766968} = {E65DAD8F-B2D7-4CF7-9151-FBFCEF766968}
	EndProjectSection
EndProject
Project("{8BC9CEB8-8B4A-11D0-8D11-00A0C91BC942}") = "udf", ".vs\udf.vcxproj", "{6738E0E8-B733-41DB-AECF-04FACEB2AC3C}"
	ProjectSection(ProjectDependencies) = postProject
		{628E3F58-0AA9-40BB-8E49-D8CC513AAD63} = {628E3F58-0AA9-40BB-8E49-D8CC513AAD63}
		{3135D563-9596-4584-9ED6-616ADEC52974} = {3135D563-9596-4584-9ED6-616ADEC52974}
		{E65DAD8F-B2D7-4CF7-9151-FBFCEF766968} = {E65DAD8F-B2D7-4CF7-9151-FBFCEF766968}
	EndProjectSection
EndProject
Project("{8BC9CEB8-8B4A-11D0-8D11-00A0C91BC942}") = "ufs2", ".vs\ufs2.vcxproj", "{330510F9-4AC9-4DB6-92EC-56C6A98CB393}"
	ProjectSection(ProjectDependencies) = postProject
		{628E3F58-0AA9-40BB-8E49-D8CC513AAD63} = {628E3F58-0AA9-40BB-8E49-D8CC513AAD63}
		{3135D563-9596-4584-9ED6-616ADEC52974} = {3135D563-9596-4584-9ED6-616ADEC52974}
		{E65DAD8F-B2D7-4CF7-9151-FBFCEF766968} = {E65DAD8F-B2D7-4CF7-9151-FBFCEF766968}
	EndProjectSection
EndProject
Project("{8BC9CEB8-8B4A-11D0-8D11-00A0C91BC942}") = "xfs", ".vs\xfs.vcxproj", "{5984B1BA-6999-402E-BB5E-F58C298270CB}"
	ProjectSection(ProjectDependencies) = postProject
		{628E3F58-0AA9-40BB-8E49-D8CC513AAD63} = {628E3F58-0AA9-40BB-8E49-D8CC513AAD63}
		{3135D563-9596-4584-9ED6-616ADEC52974} = {3135D563-9596-4584-9ED6-616ADEC52974}
		{E65DAD8F-B2D7-4CF7-9151-FBFCEF766968} = {E65DAD8F-B2D7-4CF7-9151-FBFCEF766968}
	EndProjectSection
EndProject
Project("{8BC9CEB8-8B4A-11D0-8D11-00A0C91BC942}") = "zfs", ".vs\zfs.vcxproj", "{5ADAB8AE-54B6-4EF5-8FF8-884FE430BE51}"
	ProjectSection(ProjectDependencies) = postProject
		{628E3F58-0AA9-40BB-8E49-D8CC513AAD63} = {628E3F58-0AA9-40BB-8E49-D8CC513AAD63}
		{3135D563-9596-4584-9ED6-616ADEC52974} = {3135D563-9596-4584-9ED6-616ADEC52974}
		{E65DAD8F-B2D7-4CF7-9151-FBFCEF766968} = {E65DAD8F-B2D7-4CF7-9151-FBFCEF766968}
	EndProjectSection
EndProject
Project("{8BC9CEB8-8B4A-11D0-8D11-00A0C91BC942}") = "ufs1", ".vs\ufs.vcxproj", "{9CD88C50-8673-473B-879A-8B7FDCBCE5C9}"
	ProjectSection(ProjectDependencies) = postProject
		{628E3F58-0AA9-40BB-8E49-D8CC513AAD63} = {628E3F58-0AA9-40BB-8E49-D8CC513AAD63}
		{3135D563-9596-4584-9ED6-616ADEC52974} = {3135D563-9596-4584-9ED6-616ADEC52974}
		{E65DAD8F-B2D7-4CF7-9151-FBFCEF766968} = {E65DAD8F-B2D7-4CF7-9151-FBFCEF766968}
	EndProjectSection
EndProject
Project("{8BC9CEB8-8B4A-11D0-8D11-00A0C91BC942}") = "f2fs", ".vs\f2fs.vcxproj", "{DA9899DD-6878-41B5-A3A0-C77DB31E1B1B}"
	ProjectSection(ProjectDependencies) = postProject
		{628E3F58-0AA9-40BB-8E49-D8CC513AAD63} = {628E3F58-0AA9-40BB-8E49-D8CC513AAD63}
		{3135D563-9596-4584-9ED6-616ADEC52974} = {3135D563-9596-4584-9ED6-616ADEC52974}
		{E65DAD8F-B2D7-4CF7-9151-FBFCEF766968} = {E65DAD8F-B2D7-4CF7-9151-FBFCEF766968}
	EndProjectSection
EndProject
Global
	GlobalSection(SolutionConfigurationPlatforms) = preSolution
		Debug|arm = Debug|arm
		Debug|aa64 = Debug|aa64
		Debug|ia32 = Debug|ia32
		Debug|x64 = Debug|x64
		Release|arm = Release|arm
		Release|aa64 = Release|aa64
		Release|ia32 = Release|ia32
		Release|x64 = Release|x64
	EndGlobalSection
	GlobalSection(ProjectConfigurationPlatforms) = postSolution
		{DFA0BA98-D0BA-4176-9A34-B5BA6355B1DE}.Debug|arm.ActiveCfg = Debug|ARM
		{DFA0BA98-D0BA-4176-9A34-B5BA6355B1DE}.Debug|arm.Build.0 = Debug|ARM
		{DFA0BA98-D0BA-4176-9A34-B5BA6355B1DE}.Debug|aa64.ActiveCfg = Debug|ARM64
		{DFA0BA98-D0BA-4176-9A34-B5BA6355B1DE}.Debug|aa64.Build.0 = Debug|ARM64
		{DFA0BA98-D0BA-4176-9A34-B5BA6355B1DE}.Debug|ia32.ActiveCfg = Debug|Win32
		{DFA0BA98-D0BA-4176-9A34-B5BA6355B1DE}.Debug|ia32.Build.0 = Debug|Win32
		{DFA0BA98-D0BA-4176-9A34-B5BA6355B1DE}.Debug|x64.ActiveCfg = Debug|x64
		{DFA0BA98-D0BA-4176-9A34-B5BA6355B1DE}.Debug|x64.Build.0 = Debug|x64
		{DFA0BA98-D0BA-4176-9A34-B5BA6355B1DE}.Release|arm.ActiveCfg = Release|ARM
		{DFA0BA98-D0BA-4176-9A34-B5BA6355B1DE}.Release|arm.Build.0 = Release|ARM
		{DFA0BA98-D0BA-4176-9A34-B5BA6355B1DE}.Release|aa64.ActiveCfg = Release|ARM64
		{DFA0BA98-D0BA-4176-9A34-B5BA6355B1DE}.Release|aa64.Build.0 = Release|ARM64
		{DFA0BA98-D0BA-4176-9A34-B5BA6355B1DE}.Release|ia32.ActiveCfg = Release|Win32
		{DFA0BA98-D0BA-4176-9A34-B5BA6355B1DE}.Release|ia32.Build.0 = Release|Win32
		{DFA0BA98-D0BA-4176-9A34-B5BA6355B1DE}.Release|x64.ActiveCfg = Release|x64
		{DFA0BA98-D0BA-4176-9A34-B5BA6355B1DE}.Release|x64.Build.0 = Release|x64
		{25E5B551-F9DD-4D25-A7CD-A1090B558A49}.Debug|arm.ActiveCfg = Debug|ARM
		{25E5B551-F9DD-4D25-A7CD-A1090B558A49}.Debug|arm.Build.0 = Debug|ARM
		{25E5B551-F9DD-4D25-A7CD-A1090B558A49}.Debug|aa64.ActiveCfg = Debug|ARM64
		{25E5B551-F9DD-4D25-A7CD-A1090B558A49}.Debug|aa64.Build.0 = Debug|ARM64
		{25E5B551-F9DD-4D25-A7CD-A1090B558A49}.Debug|ia32.ActiveCfg = Debug|Win32
		{25E5B551-F9DD-4D25-A7CD-A1090B558A49}.Debug|ia32.Build.0 = Debug|Win32
		{25E5B551-F9DD-4D25-A7CD-A1090B558A49}.Debug|x64.ActiveCfg = Debug|x64
		{25E5B551-F9DD-4D25-A7CD-A1090B558A49}.Debug|x64.Build.0 = Debug|x64
		{25E5B551-F9DD-4D25-A7CD-A1090B558A49}.Release|arm.ActiveCfg = Release|ARM
		{25E5B551-F9DD-4D25-A7CD-A1090B558A49}.Release|arm.Build.0 = Release|ARM
		{25E5B551-F9DD-4D25-A7CD-A1090B558A49}.Release|aa64.ActiveCfg = Release|ARM64
		{25E5B551-F9DD-4D25-A7CD-A1090B558A49}.Release|aa64.Build.0 = Release|ARM64
		{25E5B551-F9DD-4D25-A7CD-A1090B558A49}.Release|ia32.ActiveCfg = Release|Win32
		{25E5B551-F9DD-4D25-A7CD-A1090B558A49}.Release|ia32.Build.0 = Release|Win32
		{25E5B551-F9DD-4D25-A7CD-A1090B558A49}.Release|x64.ActiveCfg = Release|x64
		{25E5B551-F9DD-4D25-A7CD-A1090B558A49}.Release|x64.Build.0 = Release|x64
		{78B6BD15-644D-496B-A5B0-1D964696D867}.Debug|arm.ActiveCfg = Debug|ARM
		{78B6BD15-644D-496B-A5B0-1D964696D867}.Debug|arm.Build.0 = Debug|ARM
		{78B6BD15-644D-496B-A5B0-1D964696D867}.Debug|aa64.ActiveCfg = Debug|ARM64
		{78B6BD15-644D-496B-A5B0-1D964696D867}.Debug|aa64.Build.0 = Debug|ARM64
		{78B6BD15-644D-496B-A5B0-1D964696D867}.Debug|ia32.ActiveCfg = Debug|Win32
		{78B6BD15-644D-496B-A5B0-1D964696D867}.Debug|ia32.Build.0 = Debug|Win32
		{78B6BD15-644D-496B-A5B0-1D964696D867}.Debug|x64.ActiveCfg = Debug|x64
		{78B6BD15-644D-496B-A5B0-1D964696D867}.Debug|x64.Build.0 = Debug|x64
		{78B6BD15-644D-496B-A5B0-1D964696D867}.Release|arm.ActiveCfg = Release|ARM
		{78B6BD15-644D-496B-A5B0-1D964696D867}.Release|arm.Build.0 = Release|ARM
		{78B6BD15-644D-496B-A5B0-1D964696D867}.Release|aa64.ActiveCfg = Release|ARM64
		{78B6BD15-644D-496B-A5B0-1D964696D867}.Release|aa64.Build.0 = Release|ARM64
		{78B6BD15-644D-496B-A5B0-1D964696D867}.Release|ia32.ActiveCfg = Release|Win32
		{78B6BD15-644D-496B-A5B0-1D964696D867}.Release|ia32.Build.0 = Release|Win32
		{78B6BD15-644D-496B-A5B0-1D964696D867}.Release|x64.ActiveCfg = Release|x64
		{78B6BD15-644D-496B-A5B0-1D964696D867}.Release|x64.Build.0 = Release|x64
		{A6F3DBC3-01FE-4A63-B24D-927B0920D393}.Debug|arm.ActiveCfg = Debug|ARM
		{A6F3DBC3-01FE-4A63-B24D-927B0920D393}.Debug|arm.Build.0 = Debug|ARM
		{A6F3DBC3-01FE-4A63-B24D-927B0920D393}.Debug|aa64.ActiveCfg = Debug|ARM64
		{A6F3DBC3-01FE-4A63-B24D-927B0920D393}.Debug|aa64.Build.0 = Debug|ARM64
		{A6F3DBC3-01FE-4A63-B24D-927B0920D393}.Debug|ia32.ActiveCfg = Debug|Win32
		{A6F3DBC3-01FE-4A63-B24D-927B0920D393}.Debug|ia32.Build.0 = Debug|Win32
		{A6F3DBC3-01FE-4A63-B24D-927B0920D393}.Debug|x64.ActiveCfg = Debug|x64
		{A6F3DBC3-01FE-4A63-B24D-927B0920D393}.Debug|x64.Build.0 = Debug|x64
		{A6F3DBC3-01FE-4A63-B24D-927B0920D393}.Release|arm.ActiveCfg = Release|ARM
		{A6F3DBC3-01FE-4A63-B24D-927B0920D393}.Release|arm.Build.0 = Release|ARM
		{A6F3DBC3-01FE-4A63-B24D-927B0920D393}.Release|aa64.ActiveCfg = Release|ARM64
		{A6F3DBC3-01FE-4A63-B24D-927B0920D393}.Release|aa64.Build.0 = Release|ARM64
		{A6F3DBC3-01FE-4A63-B24D-927B0920D393}.Release|ia32.ActiveCfg = Release|Win32
		{A6F3DBC3-01FE-4A63-B24D-927B0920D393}.Release|ia32.Build.0 = Release|Win32
		{A6F3DBC3-01FE-4A63-B24D-927B0920D393}.Release|x64.ActiveCfg = Release|x64
		{A6F3DBC3-01FE-4A63-B24D-927B0920D393}.Release|x64.Build.0 = Release|x64
		{E65DAD8F-B2D7-4CF7-9151-FBFCEF766968}.Debug|arm.ActiveCfg = Debug|ARM
		{E65DAD8F-B2D7-4CF7-9151-FBFCEF766968}.Debug|arm.Build.0 = Debug|ARM
		{E65DAD8F-B2D7-4CF7-9151-FBFCEF766968}.Debug|aa64.ActiveCfg = Debug|ARM64
		{E65DAD8F-B2D7-4CF7-9151-FBFCEF766968}.Debug|aa64.Build.0 = Debug|ARM64
		{E65DAD8F-B2D7-4CF7-9151-FBFCEF766968}.Debug|ia32.ActiveCfg = Debug|Win32
		{E65DAD8F-B2D7-4CF7-9151-FBFCEF766968}.Debug|ia32.Build.0 = Debug|Win32
		{E65DAD8F-B2D7-4CF7-9151-FBFCEF766968}.Debug|x64.ActiveCfg = Debug|x64
		{E65DAD8F-B2D7-4CF7-9151-FBFCEF766968}.Debug|x64.Build.0 = Debug|x64
		{E65DAD8F-B2D7-4CF7-9151-FBFCEF766968}.Release|arm.ActiveCfg = Release|ARM
		{E65DAD8F-B2D7-4CF7-9151-FBFCEF766968}.Release|arm.Build.0 = Release|ARM
		{E65DAD8F-B2D7-4CF7-9151-FBFCEF766968}.Release|aa64.ActiveCfg = Release|ARM64
		{E65DAD8F-B2D7-4CF7-9151-FBFCEF766968}.Release|aa64.Build.0 = Release|ARM64
		{E65DAD8F-B2D7-4CF7-9151-FBFCEF766968}.Release|ia32.ActiveCfg = Release|Win32
		{E65DAD8F-B2D7-4CF7-9151-FBFCEF766968}.Release|ia32.Build.0 = Release|Win32
		{E65DAD8F-B2D7-4CF7-9151-FBFCEF766968}.Release|x64.ActiveCfg = Release|x64
		{E65DAD8F-B2D7-4CF7-9151-FBFCEF766968}.Release|x64.Build.0 = Release|x64
		{3135D563-9596-4584-9ED6-616ADEC52974}.Debug|arm.ActiveCfg = Debug|ARM
		{3135D563-9596-4584-9ED6-616ADEC52974}.Debug|arm.Build.0 = Debug|ARM
		{3135D563-9596-4584-9ED6-616ADEC52974}.Debug|aa64.ActiveCfg = Debug|ARM64
		{3135D563-9596-4584-9ED6-616ADEC52974}.Debug|aa64.Build.0 = Debug|ARM64
		{3135D563-9596-4584-9ED6-616ADEC52974}.Debug|ia32.ActiveCfg = Debug|Win32
		{3135D563-9596-4584-9ED6-616ADEC52974}.Debug|ia32.Build.0 = Debug|Win32
		{3135D563-9596-4584-9ED6-616ADEC52974}.Debug|x64.ActiveCfg = Debug|x64
		{3135D563-9596-4584-9ED6-616ADEC52974}.Debug|x64.Build.0 = Debug|x64
		{3135D563-9596-4584-9ED6-616ADEC52974}.Release|arm.ActiveCfg = Release|ARM
		{3135D563-9596-4584-9ED6-616ADEC52974}.Release|arm.Build.0 = Release|ARM
		{3135D563-9596-4584-9ED6-616ADEC52974}.Release|aa64.ActiveCfg = Release|ARM64
		{3135D563-9596-4584-9ED6-616ADEC52974}.Release|aa64.Build.0 = Release|ARM64
		{3135D563-9596-4584-9ED6-616ADEC52974}.Release|ia32.ActiveCfg = Release|Win32
		{3135D563-9596-4584-9ED6-616ADEC52974}.Release|ia32.Build.0 = Release|Win32
		{3135D563-9596-4584-9ED6-616ADEC52974}.Release|x64.ActiveCfg = Release|x64
		{3135D563-9596-4584-9ED6-616ADEC52974}.Release|x64.Build.0 = Release|x64
		{628E3F58-0AA9-40BB-8E49-D8CC513AAD63}.Debug|arm.ActiveCfg = Debug|ARM
		{628E3F58-0AA9-40BB-8E49-D8CC513AAD63}.Debug|arm.Build.0 = Debug|ARM
		{628E3F58-0AA9-40BB-8E49-D8CC513AAD63}.Debug|aa64.ActiveCfg = Debug|ARM64
		{628E3F58-0AA9-40BB-8E49-D8CC513AAD63}.Debug|aa64.Build.0 = Debug|ARM64
		{628E3F58-0AA9-40BB-8E49-D8CC513AAD63}.Debug|ia32.ActiveCfg = Debug|Win32
		{628E3F58-0AA9-40BB-8E49-D8CC513AAD63}.Debug|ia32.Build.0 = Debug|Win32
		{628E3F58-0AA9-40BB-8E49-D8CC513AAD63}.Debug|x64.ActiveCfg = Debug|x64
		{628E3F58-0AA9-40BB-8E49-D8CC513AAD63}.Debug|x64.Build.0 = Debug|x64
		{628E3F58-0AA9-40BB-8E49-D8CC513AAD63}.Release|arm.ActiveCfg = Release|ARM
		{628E3F58-0AA9-40BB-8E49-D8CC513AAD63}.Release|arm.Build.0 = Release|ARM
		{628E3F58-0AA9-40BB-8E49-D8CC513AAD63}.Release|aa64.ActiveCfg = Release|ARM64
		{628E3F58-0AA9-40BB-8E49-D8CC513AAD63}.Release|aa64.Build.0 = Release|ARM64
		{628E3F58-0AA9-40BB-8E49-D8CC513AAD63}.Release|ia32.ActiveCfg = Release|Win32
		{628E3F58-0AA9-40BB-8E49-D8CC513AAD63}.Release|ia32.Build.0 = Release|Win32
		{628E3F58-0AA9-40BB-8E49-D8CC513AAD63}.Release|x64.ActiveCfg = Release|x64
		{628E3F58-0AA9-40BB-8E49-D8CC513AAD63}.Release|x64.Build.0 = Release|x64
		{984927FE-DDE3-4BD6-B289-F8E49A1204B8}.Debug|arm.ActiveCfg = Debug|ARM
		{984927FE-DDE3-4BD6-B289-F8E49A1204B8}.Debug|arm.Build.0 = Debug|ARM
		{984927FE-DDE3-4BD6-B289-F8E49A1204B8}.Debug|aa64.ActiveCfg = Debug|ARM64
		{984927FE-DDE3-4BD6-B289-F8E49A1204B8}.Debug|aa64.Build.0 = Debug|ARM64
		{984927FE-DDE3-4BD6-B289-F8E49A1204B8}.Debug|ia32.ActiveCfg = Debug|Win32
		{984927FE-DDE3-4BD6-B289-F8E49A1204B8}.Debug|ia32.Build.0 = Debug|Win32
		{984927FE-DDE3-4BD6-B289-F8E49A1204B8}.Debug|x64.ActiveCfg = Debug|x64
		{984927FE-DDE3-4BD6-B289-F8E49A1204B8}.Debug|x64.Build.0 = Debug|x64
		{984927FE-DDE3-4BD6-B289-F8E49A1204B8}.Release|arm.ActiveCfg = Release|ARM
		{984927FE-DDE3-4BD6-B289-F8E49A1204B8}.Release|arm.Build.0 = Release|ARM
		{984927FE-DDE3-4BD6-B289-F8E49A1204B8}.Release|aa64.ActiveCfg = Release|ARM64
		{984927FE-DDE3-4BD6-B289-F8E49A1204B8}.Release|aa64.Build.0 = Release|ARM64
		{984927FE-DDE3-4BD6-B289-F8E49A1204B8}.Release|ia32.ActiveCfg = Release|Win32
		{984927FE-DDE3-4BD6-B289-F8E49A1204B8}.Release|ia32.Build.0 = Release|Win32
		{984927FE-DDE3-4BD6-B289-F8E49A1204B8}.Release|x64.ActiveCfg = Release|x64
		{984927FE-DDE3-4BD6-B289-F8E49A1204B8}.Release|x64.Build.0 = Release|x64
		{D085632B-FEE9-4126-A6ED-030E88F4B8A3}.Debug|arm.ActiveCfg = Debug|ARM
		{D085632B-FEE9-4126-A6ED-030E88F4B8A3}.Debug|arm.Build.0 = Debug|ARM
		{D085632B-FEE9-4126-A6ED-030E88F4B8A3}.Debug|aa64.ActiveCfg = Debug|ARM64
		{D085632B-FEE9-4126-A6ED-030E88F4B8A3}.Debug|aa64.Build.0 = Debug|ARM64
		{D085632B-FEE9-4126-A6ED-030E88F4B8A3}.Debug|ia32.ActiveCfg = Debug|Win32
		{D085632B-FEE9-4126-A6ED-030E88F4B8A3}.Debug|ia32.Build.0 = Debug|Win32
		{D085632B-FEE9-4126-A6ED-030E88F4B8A3}.Debug|x64.ActiveCfg = Debug|x64
		{D085632B-FEE9-4126-A6ED-030E88F4B8A3}.Debug|x64.Build.0 = Debug|x64
		{D085632B-FEE9-4126-A6ED-030E88F4B8A3}.Release|arm.ActiveCfg = Release|ARM
		{D085632B-FEE9-4126-A6ED-030E88F4B8A3}.Release|arm.Build.0 = Release|ARM
		{D085632B-FEE9-4126-A6ED-030E88F4B8A3}.Release|aa64.ActiveCfg = Release|ARM64
		{D085632B-FEE9-4126-A6ED-030E88F4B8A3}.Release|aa64.Build.0 = Release|ARM64
		{D085632B-FEE9-4126-A6ED-030E88F4B8A3}.Release|ia32.ActiveCfg = Release|Win32
		{D085632B-FEE9-4126-A6ED-030E88F4B8A3}.Release|ia32.Build.0 = Release|Win32
		{D085632B-FEE9-4126-A6ED-030E88F4B8A3}.Release|x64.ActiveCfg = Release|x64
		{D085632B-FEE9-4126-A6ED-030E88F4B8A3}.Release|x64.Build.0 = Release|x64
		{90A6AF01-88EF-4A77-956D-5391B6D097A3}.Debug|arm.ActiveCfg = Debug|ARM
		{90A6AF01-88EF-4A77-956D-5391B6D097A3}.Debug|arm.Build.0 = Debug|ARM
		{90A6AF01-88EF-4A77-956D-5391B6D097A3}.Debug|aa64.ActiveCfg = Debug|ARM64
		{90A6AF01-88EF-4A77-956D-5391B6D097A3}.Debug|aa64.Build.0 = Debug|ARM64
		{90A6AF01-88EF-4A77-956D-5391B6D097A3}.Debug|ia32.ActiveCfg = Debug|Win32
		{90A6AF01-88EF-4A77-956D-5391B6D097A3}.Debug|ia32.Build.0 = Debug|Win32
		{90A6AF01-88EF-4A77-956D-5391B6D097A3}.Debug|x64.ActiveCfg = Debug|x64
		{90A6AF01-88EF-4A77-956D-5391B6D097A3}.Debug|x64.Build.0 = Debug|x64
		{90A6AF01-88EF-4A77-956D-5391B6D097A3}.Release|arm.ActiveCfg = Release|ARM
		{90A6AF01-88EF-4A77-956D-5391B6D097A3}.Release|arm.Build.0 = Release|ARM
		{90A6AF01-88EF-4A77-956D-5391B6D097A3}.Release|aa64.ActiveCfg = Release|ARM64
		{90A6AF01-88EF-4A77-956D-5391B6D097A3}.Release|aa64.Build.0 = Release|ARM64
		{90A6AF01-88EF-4A77-956D-5391B6D097A3}.Release|ia32.ActiveCfg = Release|Win32
		{90A6AF01-88EF-4A77-956D-5391B6D097A3}.Release|ia32.Build.0 = Release|Win32
		{90A6AF01-88EF-4A77-956D-5391B6D097A3}.Release|x64.ActiveCfg = Release|x64
		{90A6AF01-88EF-4A77-956D-5391B6D097A3}.Release|x64.Build.0 = Release|x64
		{3C59992B-38EA-43B4-B015-AC8CFA2E2494}.Debug|arm.ActiveCfg = Debug|ARM
		{3C59992B-38EA-43B4-B015-AC8CFA2E2494}.Debug|arm.Build.0 = Debug|ARM
		{3C59992B-38EA-43B4-B015-AC8CFA2E2494}.Debug|aa64.ActiveCfg = Debug|ARM64
		{3C59992B-38EA-43B4-B015-AC8CFA2E2494}.Debug|aa64.Build.0 = Debug|ARM64
		{3C59992B-38EA-43B4-B015-AC8CFA2E2494}.Debug|ia32.ActiveCfg = Debug|Win32
		{3C59992B-38EA-43B4-B015-AC8CFA2E2494}.Debug|ia32.Build.0 = Debug|Win32
		{3C59992B-38EA-43B4-B015-AC8CFA2E2494}.Debug|x64.ActiveCfg = Debug|x64
		{3C59992B-38EA-43B4-B015-AC8CFA2E2494}.Debug|x64.Build.0 = Debug|x64
		{3C59992B-38EA-43B4-B015-AC8CFA2E2494}.Release|arm.ActiveCfg = Release|ARM
		{3C59992B-38EA-43B4-B015-AC8CFA2E2494}.Release|arm.Build.0 = Release|ARM
		{3C59992B-38EA-43B4-B015-AC8CFA2E2494}.Release|aa64.ActiveCfg = Release|ARM64
		{3C59992B-38EA-43B4-B015-AC8CFA2E2494}.Release|aa64.Build.0 = Release|ARM64
		{3C59992B-38EA-43B4-B015-AC8CFA2E2494}.Release|ia32.ActiveCfg = Release|Win32
		{3C59992B-38EA-43B4-B015-AC8CFA2E2494}.Release|ia32.Build.0 = Release|Win32
		{3C59992B-38EA-43B4-B015-AC8CFA2E2494}.Release|x64.ActiveCfg = Release|x64
		{3C59992B-38EA-43B4-B015-AC8CFA2E2494}.Release|x64.Build.0 = Release|x64
		{1596254C-F747-4AEC-AFB7-0D06404A7A60}.Debug|arm.ActiveCfg = Debug|ARM
		{1596254C-F747-4AEC-AFB7-0D06404A7A60}.Debug|arm.Build.0 = Debug|ARM
		{1596254C-F747-4AEC-AFB7-0D06404A7A60}.Debug|aa64.ActiveCfg = Debug|ARM64
		{1596254C-F747-4AEC-AFB7-0D06404A7A60}.Debug|aa64.Build.0 = Debug|ARM64
		{1596254C-F747-4AEC-AFB7-0D06404A7A60}.Debug|ia32.ActiveCfg = Debug|Win32
		{1596254C-F747-4AEC-AFB7-0D06404A7A60}.Debug|ia32.Build.0 = Debug|Win32
		{1596254C-F747-4AEC-AFB7-0D06404A7A60}.Debug|x64.ActiveCfg = Debug|x64
		{1596254C-F747-4AEC-AFB7-0D06404A7A60}.Debug|x64.Build.0 = Debug|x64
		{1596254C-F747-4AEC-AFB7-0D06404A7A60}.Release|arm.ActiveCfg = Release|ARM
		{1596254C-F747-4AEC-AFB7-0D06404A7A60}.Release|arm.Build.0 = Release|ARM
		{1596254C-F747-4AEC-AFB7-0D06404A7A60}.Release|aa64.ActiveCfg = Release|ARM64
		{1596254C-F747-4AEC-AFB7-0D06404A7A60}.Release|aa64.Build.0 = Release|ARM64
		{1596254C-F747-4AEC-AFB7-0D06404A7A60}.Release|ia32.ActiveCfg = Release|Win32
		{1596254C-F747-4AEC-AFB7-0D06404A7A60}.Release|ia32.Build.0 = Release|Win32
		{1596254C-F747-4AEC-AFB7-0D06404A7A60}.Release|x64.ActiveCfg = Release|x64
		{1596254C-F747-4AEC-AFB7-0D06404A7A60}.Release|x64.Build.0 = Release|x64
		{74F44DD7-6267-40AD-A5E8-931FFA363D2A}.Debug|arm.ActiveCfg = Debug|ARM
		{74F44DD7-6267-40AD-A5E8-931FFA363D2A}.Debug|arm.Build.0 = Debug|ARM
		{74F44DD7-6267-40AD-A5E8-931FFA363D2A}.Debug|aa64.ActiveCfg = Debug|ARM64
		{74F44DD7-6267-40AD-A5E8-931FFA363D2A}.Debug|aa64.Build.0 = Debug|ARM64
		{74F44DD7-6267-40AD-A5E8-931FFA363D2A}.Debug|ia32.ActiveCfg = Debug|Win32
		{74F44DD7-6267-40AD-A5E8-931FFA363D2A}.Debug|ia32.Build.0 = Debug|Win32
		{74F44DD7-6267-40AD-A5E8-931FFA363D2A}.Debug|x64.ActiveCfg = Debug|x64
		{74F44DD7-6267-40AD-A5E8-931FFA363D2A}.Debug|x64.Build.0 = Debug|x64
		{74F44DD7-6267-40AD-A5E8-931FFA363D2A}.Release|arm.ActiveCfg = Release|ARM
		{74F44DD7-6267-40AD-A5E8-931FFA363D2A}.Release|arm.Build.0 = Release|ARM
		{74F44DD7-6267-40AD-A5E8-931FFA363D2A}.Release|aa64.ActiveCfg = Release|ARM64
		{74F44DD7-6267-40AD-A5E8-931FFA363D2A}.Release|aa64.Build.0 = Release|ARM64
		{74F44DD7-6267-40AD-A5E8-931FFA363D2A}.Release|ia32.ActiveCfg = Release|Win32
		{74F44DD7-6267-40AD-A5E8-931FFA363D2A}.Release|ia32.Build.0 = Release|Win32
		{74F44DD7-6267-40AD-A5E8-931FFA363D2A}.Release|x64.ActiveCfg = Release|x64
		{74F44DD7-6267-40AD-A5E8-931FFA363D2A}.Release|x64.Build.0 = Release|x64
		{D9277A92-969D-400C-AC7A-26BD17D8C54F}.Debug|arm.ActiveCfg = Debug|ARM
		{D9277A92-969D-400C-AC7A-26BD17D8C54F}.Debug|arm.Build.0 = Debug|ARM
		{D9277A92-969D-400C-AC7A-26BD17D8C54F}.Debug|aa64.ActiveCfg = Debug|ARM64
		{D9277A92-969D-400C-AC7A-26BD17D8C54F}.Debug|aa64.Build.0 = Debug|ARM64
		{D9277A92-969D-400C-AC7A-26BD17D8C54F}.Debug|ia32.ActiveCfg = Debug|Win32
		{D9277A92-969D-400C-AC7A-26BD17D8C54F}.Debug|ia32.Build.0 = Debug|Win32
		{D9277A92-969D-400C-AC7A-26BD17D8C54F}.Debug|x64.ActiveCfg = Debug|x64
		{D9277A92-969D-400C-AC7A-26BD17D8C54F}.Debug|x64.Build.0 = Debug|x64
		{D9277A92-969D-400C-AC7A-26BD17D8C54F}.Release|arm.ActiveCfg = Release|ARM
		{D9277A92-969D-400C-AC7A-26BD17D8C54F}.Release|arm.Build.0 = Release|ARM
		{D9277A92-969D-400C-AC7A-26BD17D8C54F}.Release|aa64.ActiveCfg = Release|ARM64
		{D9277A92-969D-400C-AC7A-26BD17D8C54F}.Release|aa64.Build.0 = Release|ARM64
		{D9277A92-969D-400C-AC7A-26BD17D8C54F}.Release|ia32.ActiveCfg = Release|Win32
		{D9277A92-969D-400C-AC7A-26BD17D8C54F}.Release|ia32.Build.0 = Release|Win32
		{D9277A92-969D-400C-AC7A-26BD17D8C54F}.Release|x64.ActiveCfg = Release|x64
		{D9277A92-969D-400C-AC7A-26BD17D8C54F}.Release|x64.Build.0 = Release|x64
		{BE4C8D10-A2B6-4442-92F3-B3589EF35AEE}.Debug|arm.ActiveCfg = Debug|ARM
		{BE4C8D10-A2B6-4442-92F3-B3589EF35AEE}.Debug|arm.Build.0 = Debug|ARM
		{BE4C8D10-A2B6-4442-92F3-B3589EF35AEE}.Debug|aa64.ActiveCfg = Debug|ARM64
		{BE4C8D10-A2B6-4442-92F3-B3589EF35AEE}.Debug|aa64.Build.0 = Debug|ARM64
		{BE4C8D10-A2B6-4442-92F3-B3589EF35AEE}.Debug|ia32.ActiveCfg = Debug|Win32
		{BE4C8D10-A2B6-4442-92F3-B3589EF35AEE}.Debug|ia32.Build.0 = Debug|Win32
		{BE4C8D10-A2B6-4442-92F3-B3589EF35AEE}.Debug|x64.ActiveCfg = Debug|x64
		{BE4C8D10-A2B6-4442-92F3-B3589EF35AEE}.Debug|x64.Build.0 = Debug|x64
		{BE4C8D10-A2B6-4442-92F3-B3589EF35AEE}.Release|arm.ActiveCfg = Release|ARM
		{BE4C8D10-A2B6-4442-92F3-B3589EF35AEE}.Release|arm.Build.0 = Release|ARM
		{BE4C8D10-A2B6-4442-92F3-B3589EF35AEE}.Release|aa64.ActiveCfg = Release|ARM64
		{BE4C8D10-A2B6-4442-92F3-B3589EF35AEE}.Release|aa64.Build.0 = Release|ARM64
		{BE4C8D10-A2B6-4442-92F3-B3589EF35AEE}.Release|ia32.ActiveCfg = Release|Win32
		{BE4C8D10-A2B6-4442-92F3-B3589EF35AEE}.Release|ia32.Build.0 = Release|Win32
		{BE4C8D10-A2B6-4442-92F3-B3589EF35AEE}.Release|x64.ActiveCfg = Release|x64
		{BE4C8D10-A2B6-4442-92F3-B3589EF35AEE}.Release|x64.Build.0 = Release|x64
		{93BAE040-345F-43F9-BB5B-CD466793CFDF}.Debug|arm.ActiveCfg = Debug|ARM
		{93BAE040-345F-43F9-BB5B-CD466793CFDF}.Debug|arm.Build.0 = Debug|ARM
		{93BAE040-345F-43F9-BB5B-CD466793CFDF}.Debug|aa64.ActiveCfg = Debug|ARM64
		{93BAE040-345F-43F9-BB5B-CD466793CFDF}.Debug|aa64.Build.0 = Debug|ARM64
		{93BAE040-345F-43F9-BB5B-CD466793CFDF}.Debug|ia32.ActiveCfg = Debug|Win32
		{93BAE040-345F-43F9-BB5B-CD466793CFDF}.Debug|ia32.Build.0 = Debug|Win32
		{93BAE040-345F-43F9-BB5B-CD466793CFDF}.Debug|x64.ActiveCfg = Debug|x64
		{93BAE040-345F-43F9-BB5B-CD466793CFDF}.Debug|x64.Build.0 = Debug|x64
		{93BAE040-345F-43F9-BB5B-CD466793CFDF}.Release|arm.ActiveCfg = Release|ARM
		{93BAE040-345F-43F9-BB5B-CD466793CFDF}.Release|arm.Build.0 = Release|ARM
		{93BAE040-345F-43F9-BB5B-CD466793CFDF}.Release|aa64.ActiveCfg = Release|ARM64
		{93BAE040-345F-43F9-BB5B-CD466793CFDF}.Release|aa64.Build.0 = Release|ARM64
		{93BAE040-345F-43F9-BB5B-CD466793CFDF}.Release|ia32.ActiveCfg = Release|Win32
		{93BAE040-345F-43F9-BB5B-CD466793CFDF}.Release|ia32.Build.0 = Release|Win32
		{93BAE040-345F-43F9-BB5B-CD466793CFDF}.Release|x64.ActiveCfg = Release|x64
		{93BAE040-345F-43F9-BB5B-CD466793CFDF}.Release|x64.Build.0 = Release|x64
		{6738E0E8-B733-41DB-AECF-04FACEB2AC3C}.Debug|arm.ActiveCfg = Debug|ARM
		{6738E0E8-B733-41DB-AECF-04FACEB2AC3C}.Debug|arm.Build.0 = Debug|ARM
		{6738E0E8-B733-41DB-AECF-04FACEB2AC3C}.Debug|aa64.ActiveCfg = Debug|ARM64
		{6738E0E8-B733-41DB-AECF-04FACEB2AC3C}.Debug|aa64.Build.0 = Debug|ARM64
		{6738E0E8-B733-41DB-AECF-04FACEB2AC3C}.Debug|ia32.ActiveCfg = Debug|Win32
		{6738E0E8-B733-41DB-AECF-04FACEB2AC3C}.Debug|ia32.Build.0 = Debug|Win32
		{6738E0E8-B733-41DB-AECF-04FACEB2AC3C}.Debug|x64.ActiveCfg = Debug|x64
		{6738E0E8-B733-41DB-AECF-04FACEB2AC3C}.Debug|x64.Build.0 = Debug|x64
		{6738E0E8-B733-41DB-AECF-04FACEB2AC3C}.Release|arm.ActiveCfg = Release|ARM
		{6738E0E8-B733-41DB-AECF-04FACEB2AC3C}.Release|arm.Build.0 = Release|ARM
		{6738E0E8-B733-41DB-AECF-04FACEB2AC3C}.Release|aa64.ActiveCfg = Release|ARM64
		{6738E0E8-B733-41DB-AECF-04FACEB2AC3C}.Release|aa64.Build.0 = Release|ARM64
		{6738E0E8-B733-41DB-AECF-04FACEB2AC3C}.Release|ia32.ActiveCfg = Release|Win32
		{6738E0E8-B733-41DB-AECF-04FACEB2AC3C}.Release|ia32.Build.0 = Release|Win32
		{6738E0E8-B733-41DB-AECF-04FACEB2AC3C}.Release|x64.ActiveCfg = Release|x64
		{6738E0E8-B733-41DB-AECF-04FACEB2AC3C}.Release|x64.Build.0 = Release|x64
		{330510F9-4AC9-4DB6-92EC-56C6A98CB393}.Debug|arm.ActiveCfg = Debug|ARM
		{330510F9-4AC9-4DB6-92EC-56C6A98CB393}.Debug|arm.Build.0 = Debug|ARM
		{330510F9-4AC9-4DB6-92EC-56C6A98CB393}.Debug|aa64.ActiveCfg = Debug|ARM64
		{330510F9-4AC9-4DB6-92EC-56C6A98CB393}.Debug|aa64.Build.0 = Debug|ARM64
		{330510F9-4AC9-4DB6-92EC-56C6A98CB393}.Debug|ia32.ActiveCfg = Debug|Win32
		{330510F9-4AC9-4DB6-92EC-56C6A98CB393}.Debug|ia32.Build.0 = Debug|Win32
		{330510F9-4AC9-4DB6-92EC-56C6A98CB393}.Debug|x64.ActiveCfg = Debug|x64
		{330510F9-4AC9-4DB6-92EC-56C6A98CB393}.Debug|x64.Build.0 = Debug|x64
		{330510F9-4AC9-4DB6-92EC-56C6A98CB393}.Release|arm.ActiveCfg = Release|ARM
		{330510F9-4AC9-4DB6-92EC-56C6A98CB393}.Release|arm.Build.0 = Release|ARM
		{330510F9-4AC9-4DB6-92EC-56C6A98CB393}.Release|aa64.ActiveCfg = Release|ARM64
		{330510F9-4AC9-4DB6-92EC-56C6A98CB393}.Release|aa64.Build.0 = Release|ARM64
		{330510F9-4AC9-4DB6-92EC-56C6A98CB393}.Release|ia32.ActiveCfg = Release|Win32
		{330510F9-4AC9-4DB6-92EC-56C6A98CB393}.Release|ia32.Build.0 = Release|Win32
		{330510F9-4AC9-4DB6-92EC-56C6A98CB393}.Release|x64.ActiveCfg = Release|x64
		{330510F9-4AC9-4DB6-92EC-56C6A98CB393}.Release|x64.Build.0 = Release|x64
		{5984B1BA-6999-402E-BB5E-F58C298270CB}.Debug|arm.ActiveCfg = Debug|ARM
		{5984B1BA-6999-402E-BB5E-F58C298270CB}.Debug|arm.Build.0 = Debug|ARM
		{5984B1BA-6999-402E-BB5E-F58C298270CB}.Debug|aa64.ActiveCfg = Debug|ARM64
		{5984B1BA-6999-402E-BB5E-F58C298270CB}.Debug|aa64.Build.0 = Debug|ARM64
		{5984B1BA-6999-402E-BB5E-F58C298270CB}.Debug|ia32.ActiveCfg = Debug|Win32
		{5984B1BA-6999-402E-BB5E-F58C298270CB}.Debug|ia32.Build.0 = Debug|Win32
		{5984B1BA-6999-402E-BB5E-F58C298270CB}.Debug|x64.ActiveCfg = Debug|x64
		{5984B1BA-6999-402E-BB5E-F58C298270CB}.Debug|x64.Build.0 = Debug|x64
		{5984B1BA-6999-402E-BB5E-F58C298270CB}.Release|arm.ActiveCfg = Release|ARM
		{5984B1BA-6999-402E-BB5E-F58C298270CB}.Release|arm.Build.0 = Release|ARM
		{5984B1BA-6999-402E-BB5E-F58C298270CB}.Release|aa64.ActiveCfg = Release|ARM64
		{5984B1BA-6999-402E-BB5E-F58C298270CB}.Release|aa64.Build.0 = Release|ARM64
		{5984B1BA-6999-402E-BB5E-F58C298270CB}.Release|ia32.ActiveCfg = Release|Win32
		{5984B1BA-6999-402E-BB5E-F58C298270CB}.Release|ia32.Build.0 = Release|Win32
		{5984B1BA-6999-402E-BB5E-F58C298270CB}.Release|x64.ActiveCfg = Release|x64
		{5984B1BA-6999-402E-BB5E-F58C298270CB}.Release|x64.Build.0 = Release|x64
		{5ADAB8AE-54B6-4EF5-8FF8-884FE430BE51}.Debug|arm.ActiveCfg = Debug|ARM
		{5ADAB8AE-54B6-4EF5-8FF8-884FE430BE51}.Debug|arm.Build.0 = Debug|ARM
		{5ADAB8AE-54B6-4EF5-8FF8-884FE430BE51}.Debug|aa64.ActiveCfg = Debug|ARM64
		{5ADAB8AE-54B6-4EF5-8FF8-884FE430BE51}.Debug|aa64.Build.0 = Debug|ARM64
		{5ADAB8AE-54B6-4EF5-8FF8-884FE430BE51}.Debug|ia32.ActiveCfg = Debug|Win32
		{5ADAB8AE-54B6-4EF5-8FF8-884FE430BE51}.Debug|ia32.Build.0 = Debug|Win32
		{5ADAB8AE-54B6-4EF5-8FF8-884FE430BE51}.Debug|x64.ActiveCfg = Debug|x64
		{5ADAB8AE-54B6-4EF5-8FF8-884FE430BE51}.Debug|x64.Build.0 = Debug|x64
		{5ADAB8AE-54B6-4EF5-8FF8-884FE430BE51}.Release|arm.ActiveCfg = Release|ARM
		{5ADAB8AE-54B6-4EF5-8FF8-884FE430BE51}.Release|arm.Build.0 = Release|ARM
		{5ADAB8AE-54B6-4EF5-8FF8-884FE430BE51}.Release|aa64.ActiveCfg = Release|ARM64
		{5ADAB8AE-54B6-4EF5-8FF8-884FE430BE51}.Release|aa64.Build.0 = Release|ARM64
		{5ADAB8AE-54B6-4EF5-8FF8-884FE430BE51}.Release|ia32.ActiveCfg = Release|Win32
		{5ADAB8AE-54B6-4EF5-8FF8-884FE430BE51}.Release|ia32.Build.0 = Release|Win32
		{5ADAB8AE-54B6-4EF5-8FF8-884FE430BE51}.Release|x64.ActiveCfg = Release|x64
		{5ADAB8AE-54B6-4EF5-8FF8-884FE430BE51}.Release|x64.Build.0 = Release|x64
		{9CD88C50-8673-473B-879A-8B7FDCBCE5C9}.Debug|arm.ActiveCfg = Debug|ARM
		{9CD88C50-8673-473B-879A-8B7FDCBCE5C9}.Debug|arm.Build.0 = Debug|ARM
		{9CD88C50-8673-473B-879A-8B7FDCBCE5C9}.Debug|aa64.ActiveCfg = Debug|ARM64
		{9CD88C50-8673-473B-879A-8B7FDCBCE5C9}.Debug|aa64.Build.0 = Debug|ARM64
		{9CD88C50-8673-473B-879A-8B7FDCBCE5C9}.Debug|ia32.ActiveCfg = Debug|Win32
		{9CD88C50-8673-473B-879A-8B7FDCBCE5C9}.Debug|ia32.Build.0 = Debug|Win32
		{9CD88C50-8673-473B-879A-8B7FDCBCE5C9}.Debug|x64.ActiveCfg = Debug|x64
		{9CD88C50-8673-473B-879A-8B7FDCBCE5C9}.Debug|x64.Build.0 = Debug|x64
		{9CD88C50-8673-473B-879A-8B7FDCBCE5C9}.Release|arm.ActiveCfg = Release|ARM
		{9CD88C50-8673-473B-879A-8B7FDCBCE5C9}.Release|arm.Build.0 = Release|ARM
		{9CD88C50-8673-473B-879A-8B7FDCBCE5C9}.Release|aa64.ActiveCfg = Release|ARM64
		{9CD88C50-8673-473B-879A-8B7FDCBCE5C9}.Release|aa64.Build.0 = Release|ARM64
		{9CD88C50-8673-473B-879A-8B7FDCBCE5C9}.Release|ia32.ActiveCfg = Release|Win32
		{9CD88C50-8673-473B-879A-8B7FDCBCE5C9}.Release|ia32.Build.0 = Release|Win32
		{9CD88C50-8673-473B-879A-8B7FDCBCE5C9}.Release|x64.ActiveCfg = Release|x64
		{9CD88C50-8673-473B-879A-8B7FDCBCE5C9}.Release|x64.Build.0 = Release|x64
		{DA9899DD-6878-41B5-A3A0-C77DB31E1B1B}.Debug|arm.ActiveCfg = Debug|ARM
		{DA9899DD-6878-41B5-A3A0-C77DB31E1B1B}.Debug|arm.Build.0 = Debug|ARM
		{DA9899DD-6878-41B5-A3A0-C77DB31E1B1B}.Debug|aa64.ActiveCfg = Debug|ARM64
		{DA9899DD-6878-41B5-A3A0-C77DB31E1B1B}.Debug|aa64.Build.0 = Debug|ARM64
		{DA9899DD-6878-41B5-A3A0-C77DB31E1B1B}.Debug|ia32.ActiveCfg = Debug|Win32
		{DA9899DD-6878-41B5-A3A0-C77DB31E1B1B}.Debug|ia32.Build.0 = Debug|Win32
		{DA9899DD-6878-41B5-A3A0-C77DB31E1B1B}.Debug|x64.ActiveCfg = Debug|x64
		{DA9899DD-6878-41B5-A3A0-C77DB31E1B1B}.Debug|x64.Build.0 = Debug|x64
		{DA9899DD-6878-41B5-A3A0-C77DB31E1B1B}.Release|arm.ActiveCfg = Release|ARM
		{DA9899DD-6878-41B5-A3A0-C77DB31E1B1B}.Release|arm.Build.0 = Release|ARM
		{DA9899DD-6878-41B5-A3A0-C77DB31E1B1B}.Release|aa64.ActiveCfg = Release|ARM64
		{DA9899DD-6878-41B5-A3A0-C77DB31E1B1B}.Release|aa64.Build.0 = Release|ARM64
		{DA9899DD-6878-41B5-A3A0-C77DB31E1B1B}.Release|ia32.ActiveCfg = Release|Win32
		{DA9899DD-6878-41B5-A3A0-C77DB31E1B1B}.Release|ia32.Build.0 = Release|Win32
		{DA9899DD-6878-41B5-A3A0-C77DB31E1B1B}.Release|x64.ActiveCfg = Release|x64
		{DA9899DD-6878-41B5-A3A0-C77DB31E1B1B}.Release|x64.Build.0 = Release|x64
	EndGlobalSection
	GlobalSection(SolutionProperties) = preSolution
		HideSolutionNode = FALSE
	EndGlobalSection
	GlobalSection(NestedProjects) = preSolution
		{DFA0BA98-D0BA-4176-9A34-B5BA6355B1DE} = {F52EBFEF-72E2-444F-8BE5-36059421C6D5}
		{25E5B551-F9DD-4D25-A7CD-A1090B558A49} = {F52EBFEF-72E2-444F-8BE5-36059421C6D5}
		{78B6BD15-644D-496B-A5B0-1D964696D867} = {F52EBFEF-72E2-444F-8BE5-36059421C6D5}
		{A6F3DBC3-01FE-4A63-B24D-927B0920D393} = {F52EBFEF-72E2-444F-8BE5-36059421C6D5}
		{E65DAD8F-B2D7-4CF7-9151-FBFCEF766968} = {D2A21B22-26D9-467B-AD07-EFE7D6164FF0}
		{3135D563-9596-4584-9ED6-616ADEC52974} = {D2A21B22-26D9-467B-AD07-EFE7D6164FF0}
		{628E3F58-0AA9-40BB-8E49-D8CC513AAD63} = {D2A21B22-26D9-467B-AD07-EFE7D6164FF0}
		{984927FE-DDE3-4BD6-B289-F8E49A1204B8} = {F52EBFEF-72E2-444F-8BE5-36059421C6D5}
		{D085632B-FEE9-4126-A6ED-030E88F4B8A3} = {F52EBFEF-72E2-444F-8BE5-36059421C6D5}
		{90A6AF01-88EF-4A77-956D-5391B6D097A3} = {F52EBFEF-72E2-444F-8BE5-36059421C6D5}
		{3C59992B-38EA-43B4-B015-AC8CFA2E2494} = {F52EBFEF-72E2-444F-8BE5-36059421C6D5}
		{1596254C-F747-4AEC-AFB7-0D06404A7A60} = {F52EBFEF-72E2-444F-8BE5-36059421C6D5}
		{74F44DD7-6267-40AD-A5E8-931FFA363D2A} = {F52EBFEF-72E2-444F-8BE5-36059421C6D5}
		{D9277A92-969D-400C-AC7A-26BD17D8C54F} = {F52EBFEF-72E2-444F-8BE5-36059421C6D5}
		{BE4C8D10-A2B6-4442-92F3-B3589EF35AEE} = {F52EBFEF-72E2-444F-8BE5-36059421C6D5}
		{93BAE040-345F-43F9-BB5B-CD466793CFDF} = {F52EBFEF-72E2-444F-8BE5-36059421C6D5}
		{6738E0E8-B733-41DB-AECF-04FACEB2AC3C} = {F52EBFEF-72E2-444F-8BE5-36059421C6D5}
		{330510F9-4AC9-4DB6-92EC-56C6A98CB393} = {F52EBFEF-72E2-444F-8BE5-36059421C6D5}
		{5984B1BA-6999-402E-BB5E-F58C298270CB} = {F52EBFEF-72E2-444F-8BE5-36059421C6D5}
		{5ADAB8AE-54B6-4EF5-8FF8-884FE430BE51} = {F52EBFEF-72E2-444F-8BE5-36059421C6D5}
		{9CD88C50-8673-473B-879A-8B7FDCBCE5C9} = {F52EBFEF-72E2-444F-8BE5-36059421C6D5}
		{DA9899DD-6878-41B5-A3A0-C77DB31E1B1B} = {F52EBFEF-72E2-444F-8BE5-36059421C6D5}
	EndGlobalSection
EndGlobal
