
Microsoft Visual Studio Solution File, Format Version 12.00
# Visual Studio 2013
VisualStudioVersion = 12.0.31101.0
MinimumVisualStudioVersion = 10.0.40219.1
Project("{8BC9CEB8-8B4A-11D0-8D11-00A0C91BC942}") = "ntfs", ".msvc\ntfs.vcxproj", "{DFA0BA98-D0BA-4176-9A34-B5BA6355B1DE}"
	ProjectSection(ProjectDependencies) = postProject
		{628E3F58-0AA9-40BB-8E49-D8CC513AAD63} = {628E3F58-0AA9-40BB-8E49-D8CC513AAD63}
		{3135D563-9596-4584-9ED6-616ADEC52974} = {3135D563-9596-4584-9ED6-616ADEC52974}
		{E65DAD8F-B2D7-4CF7-9151-FBFCEF766968} = {E65DAD8F-B2D7-4CF7-9151-FBFCEF766968}
	EndProjectSection
EndProject
Project("{8BC9CEB8-8B4A-11D0-8D11-00A0C91BC942}") = "exfat", ".msvc\exfat.vcxproj", "{25E5B551-F9DD-4D25-A7CD-A1090B558A49}"
	ProjectSection(ProjectDependencies) = postProject
		{628E3F58-0AA9-40BB-8E49-D8CC513AAD63} = {628E3F58-0AA9-40BB-8E49-D8CC513AAD63}
		{3135D563-9596-4584-9ED6-616ADEC52974} = {3135D563-9596-4584-9ED6-616ADEC52974}
		{E65DAD8F-B2D7-4CF7-9151-FBFCEF766968} = {E65DAD8F-B2D7-4CF7-9151-FBFCEF766968}
	EndProjectSection
EndProject
Project("{8BC9CEB8-8B4A-11D0-8D11-00A0C91BC942}") = "ext2", ".msvc\ext2.vcxproj", "{78B6BD15-644D-496B-A5B0-1D964696D867}"
	ProjectSection(ProjectDependencies) = postProject
		{628E3F58-0AA9-40BB-8E49-D8CC513AAD63} = {628E3F58-0AA9-40BB-8E49-D8CC513AAD63}
		{3135D563-9596-4584-9ED6-616ADEC52974} = {3135D563-9596-4584-9ED6-616ADEC52974}
		{E65DAD8F-B2D7-4CF7-9151-FBFCEF766968} = {E65DAD8F-B2D7-4CF7-9151-FBFCEF766968}
	EndProjectSection
EndProject
Project("{8BC9CEB8-8B4A-11D0-8D11-00A0C91BC942}") = "iso9660", ".msvc\iso9660.vcxproj", "{A6F3DBC3-01FE-4A63-B24D-927B0920D393}"
	ProjectSection(ProjectDependencies) = postProject
		{628E3F58-0AA9-40BB-8E49-D8CC513AAD63} = {628E3F58-0AA9-40BB-8E49-D8CC513AAD63}
		{3135D563-9596-4584-9ED6-616ADEC52974} = {3135D563-9596-4584-9ED6-616ADEC52974}
		{E65DAD8F-B2D7-4CF7-9151-FBFCEF766968} = {E65DAD8F-B2D7-4CF7-9151-FBFCEF766968}
	EndProjectSection
EndProject
Project("{8BC9CEB8-8B4A-11D0-8D11-00A0C91BC942}") = "efifs", ".msvc\efifs.vcxproj", "{E65DAD8F-B2D7-4CF7-9151-FBFCEF766968}"
EndProject
Project("{8BC9CEB8-8B4A-11D0-8D11-00A0C91BC942}") = "gnu-efi", ".msvc\gnu-efi.vcxproj", "{3135D563-9596-4584-9ED6-616ADEC52974}"
EndProject
Project("{8BC9CEB8-8B4A-11D0-8D11-00A0C91BC942}") = "grub", ".msvc\grub.vcxproj", "{628E3F58-0AA9-40BB-8E49-D8CC513AAD63}"
EndProject
Project("{2150E333-8FDC-42A3-9474-1A3956D46DE8}") = "drivers", "drivers", "{F52EBFEF-72E2-444F-8BE5-36059421C6D5}"
EndProject
Project("{2150E333-8FDC-42A3-9474-1A3956D46DE8}") = "libraries", "libraries", "{D2A21B22-26D9-467B-AD07-EFE7D6164FF0}"
EndProject
Project("{8BC9CEB8-8B4A-11D0-8D11-00A0C91BC942}") = "affs", ".msvc\affs.vcxproj", "{984927FE-DDE3-4BD6-B289-F8E49A1204B8}"
	ProjectSection(ProjectDependencies) = postProject
		{628E3F58-0AA9-40BB-8E49-D8CC513AAD63} = {628E3F58-0AA9-40BB-8E49-D8CC513AAD63}
		{3135D563-9596-4584-9ED6-616ADEC52974} = {3135D563-9596-4584-9ED6-616ADEC52974}
		{E65DAD8F-B2D7-4CF7-9151-FBFCEF766968} = {E65DAD8F-B2D7-4CF7-9151-FBFCEF766968}
	EndProjectSection
EndProject
Project("{8BC9CEB8-8B4A-11D0-8D11-00A0C91BC942}") = "bfs", ".msvc\bfs.vcxproj", "{D085632B-FEE9-4126-A6ED-030E88F4B8A3}"
EndProject
Project("{8BC9CEB8-8B4A-11D0-8D11-00A0C91BC942}") = "btrfs", ".msvc\btrfs.vcxproj", "{90A6AF01-88EF-4A77-956D-5391B6D097A3}"
	ProjectSection(ProjectDependencies) = postProject
		{628E3F58-0AA9-40BB-8E49-D8CC513AAD63} = {628E3F58-0AA9-40BB-8E49-D8CC513AAD63}
		{3135D563-9596-4584-9ED6-616ADEC52974} = {3135D563-9596-4584-9ED6-616ADEC52974}
		{E65DAD8F-B2D7-4CF7-9151-FBFCEF766968} = {E65DAD8F-B2D7-4CF7-9151-FBFCEF766968}
	EndProjectSection
EndProject
Project("{8BC9CEB8-8B4A-11D0-8D11-00A0C91BC942}") = "hfs", ".msvc\hfs.vcxproj", "{3C59992B-38EA-43B4-B015-AC8CFA2E2494}"
	ProjectSection(ProjectDependencies) = postProject
		{628E3F58-0AA9-40BB-8E49-D8CC513AAD63} = {628E3F58-0AA9-40BB-8E49-D8CC513AAD63}
		{3135D563-9596-4584-9ED6-616ADEC52974} = {3135D563-9596-4584-9ED6-616ADEC52974}
		{E65DAD8F-B2D7-4CF7-9151-FBFCEF766968} = {E65DAD8F-B2D7-4CF7-9151-FBFCEF766968}
	EndProjectSection
EndProject
Project("{8BC9CEB8-8B4A-11D0-8D11-00A0C91BC942}") = "hfsplus", ".msvc\hfsplus.vcxproj", "{1596254C-F747-4AEC-AFB7-0D06404A7A60}"
	ProjectSection(ProjectDependencies) = postProject
		{628E3F58-0AA9-40BB-8E49-D8CC513AAD63} = {628E3F58-0AA9-40BB-8E49-D8CC513AAD63}
		{3135D563-9596-4584-9ED6-616ADEC52974} = {3135D563-9596-4584-9ED6-616ADEC52974}
		{E65DAD8F-B2D7-4CF7-9151-FBFCEF766968} = {E65DAD8F-B2D7-4CF7-9151-FBFCEF766968}
	EndProjectSection
EndProject
Project("{8BC9CEB8-8B4A-11D0-8D11-00A0C91BC942}") = "jfs", ".msvc\jfs.vcxproj", "{74F44DD7-6267-40AD-A5E8-931FFA363D2A}"
	ProjectSection(ProjectDependencies) = postProject
		{628E3F58-0AA9-40BB-8E49-D8CC513AAD63} = {628E3F58-0AA9-40BB-8E49-D8CC513AAD63}
		{3135D563-9596-4584-9ED6-616ADEC52974} = {3135D563-9596-4584-9ED6-616ADEC52974}
		{E65DAD8F-B2D7-4CF7-9151-FBFCEF766968} = {E65DAD8F-B2D7-4CF7-9151-FBFCEF766968}
	EndProjectSection
EndProject
Project("{8BC9CEB8-8B4A-11D0-8D11-00A0C91BC942}") = "nilfs2", ".msvc\nilfs2.vcxproj", "{D9277A92-969D-400C-AC7A-26BD17D8C54F}"
	ProjectSection(ProjectDependencies) = postProject
		{628E3F58-0AA9-40BB-8E49-D8CC513AAD63} = {628E3F58-0AA9-40BB-8E49-D8CC513AAD63}
		{3135D563-9596-4584-9ED6-616ADEC52974} = {3135D563-9596-4584-9ED6-616ADEC52974}
		{E65DAD8F-B2D7-4CF7-9151-FBFCEF766968} = {E65DAD8F-B2D7-4CF7-9151-FBFCEF766968}
	EndProjectSection
EndProject
Project("{8BC9CEB8-8B4A-11D0-8D11-00A0C91BC942}") = "reiserfs", ".msvc\reiserfs.vcxproj", "{BE4C8D10-A2B6-4442-92F3-B3589EF35AEE}"
	ProjectSection(ProjectDependencies) = postProject
		{628E3F58-0AA9-40BB-8E49-D8CC513AAD63} = {628E3F58-0AA9-40BB-8E49-D8CC513AAD63}
		{3135D563-9596-4584-9ED6-616ADEC52974} = {3135D563-9596-4584-9ED6-616ADEC52974}
		{E65DAD8F-B2D7-4CF7-9151-FBFCEF766968} = {E65DAD8F-B2D7-4CF7-9151-FBFCEF766968}
	EndProjectSection
EndProject
Project("{8BC9CEB8-8B4A-11D0-8D11-00A0C91BC942}") = "sfs", ".msvc\sfs.vcxproj", "{93BAE040-345F-43F9-BB5B-CD466793CFDF}"
	ProjectSection(ProjectDependencies) = postProject
		{628E3F58-0AA9-40BB-8E49-D8CC513AAD63} = {628E3F58-0AA9-40BB-8E49-D8CC513AAD63}
		{3135D563-9596-4584-9ED6-616ADEC52974} = {3135D563-9596-4584-9ED6-616ADEC52974}
		{E65DAD8F-B2D7-4CF7-9151-FBFCEF766968} = {E65DAD8F-B2D7-4CF7-9151-FBFCEF766968}
	EndProjectSection
EndProject
Project("{8BC9CEB8-8B4A-11D0-8D11-00A0C91BC942}") = "udf", ".msvc\udf.vcxproj", "{6738E0E8-B733-41DB-AECF-04FACEB2AC3C}"
	ProjectSection(ProjectDependencies) = postProject
		{628E3F58-0AA9-40BB-8E49-D8CC513AAD63} = {628E3F58-0AA9-40BB-8E49-D8CC513AAD63}
		{3135D563-9596-4584-9ED6-616ADEC52974} = {3135D563-9596-4584-9ED6-616ADEC52974}
		{E65DAD8F-B2D7-4CF7-9151-FBFCEF766968} = {E65DAD8F-B2D7-4CF7-9151-FBFCEF766968}
	EndProjectSection
EndProject
Project("{8BC9CEB8-8B4A-11D0-8D11-00A0C91BC942}") = "ufs2", ".msvc\ufs2.vcxproj", "{330510F9-4AC9-4DB6-92EC-56C6A98CB393}"
	ProjectSection(ProjectDependencies) = postProject
		{628E3F58-0AA9-40BB-8E49-D8CC513AAD63} = {628E3F58-0AA9-40BB-8E49-D8CC513AAD63}
		{3135D563-9596-4584-9ED6-616ADEC52974} = {3135D563-9596-4584-9ED6-616ADEC52974}
		{E65DAD8F-B2D7-4CF7-9151-FBFCEF766968} = {E65DAD8F-B2D7-4CF7-9151-FBFCEF766968}
	EndProjectSection
EndProject
Project("{8BC9CEB8-8B4A-11D0-8D11-00A0C91BC942}") = "xfs", ".msvc\xfs.vcxproj", "{5984B1BA-6999-402E-BB5E-F58C298270CB}"
	ProjectSection(ProjectDependencies) = postProject
		{628E3F58-0AA9-40BB-8E49-D8CC513AAD63} = {628E3F58-0AA9-40BB-8E49-D8CC513AAD63}
		{3135D563-9596-4584-9ED6-616ADEC52974} = {3135D563-9596-4584-9ED6-616ADEC52974}
		{E65DAD8F-B2D7-4CF7-9151-FBFCEF766968} = {E65DAD8F-B2D7-4CF7-9151-FBFCEF766968}
	EndProjectSection
EndProject
Project("{8BC9CEB8-8B4A-11D0-8D11-00A0C91BC942}") = "zfs", ".msvc\zfs.vcxproj", "{5ADAB8AE-54B6-4EF5-8FF8-884FE430BE51}"
	ProjectSection(ProjectDependencies) = postProject
		{628E3F58-0AA9-40BB-8E49-D8CC513AAD63} = {628E3F58-0AA9-40BB-8E49-D8CC513AAD63}
		{3135D563-9596-4584-9ED6-616ADEC52974} = {3135D563-9596-4584-9ED6-616ADEC52974}
		{E65DAD8F-B2D7-4CF7-9151-FBFCEF766968} = {E65DAD8F-B2D7-4CF7-9151-FBFCEF766968}
	EndProjectSection
EndProject
Project("{8BC9CEB8-8B4A-11D0-8D11-00A0C91BC942}") = "ufs1", ".msvc\ufs.vcxproj", "{9CD88C50-8673-473B-879A-8B7FDCBCE5C9}"
	ProjectSection(ProjectDependencies) = postProject
		{628E3F58-0AA9-40BB-8E49-D8CC513AAD63} = {628E3F58-0AA9-40BB-8E49-D8CC513AAD63}
		{3135D563-9596-4584-9ED6-616ADEC52974} = {3135D563-9596-4584-9ED6-616ADEC52974}
		{E65DAD8F-B2D7-4CF7-9151-FBFCEF766968} = {E65DAD8F-B2D7-4CF7-9151-FBFCEF766968}
	EndProjectSection
EndProject
Global
	GlobalSection(SolutionConfigurationPlatforms) = preSolution
		Debug|x86_32 = Debug|x86_32
		Debug|x86_64 = Debug|x86_64
		Release|x86_32 = Release|x86_32
		Release|x86_64 = Release|x86_64
	EndGlobalSection
	GlobalSection(ProjectConfigurationPlatforms) = postSolution
		{DFA0BA98-D0BA-4176-9A34-B5BA6355B1DE}.Debug|x86_32.ActiveCfg = Debug|Win32
		{DFA0BA98-D0BA-4176-9A34-B5BA6355B1DE}.Debug|x86_32.Build.0 = Debug|Win32
		{DFA0BA98-D0BA-4176-9A34-B5BA6355B1DE}.Debug|x86_64.ActiveCfg = Debug|x64
		{DFA0BA98-D0BA-4176-9A34-B5BA6355B1DE}.Debug|x86_64.Build.0 = Debug|x64
		{DFA0BA98-D0BA-4176-9A34-B5BA6355B1DE}.Release|x86_32.ActiveCfg = Release|Win32
		{DFA0BA98-D0BA-4176-9A34-B5BA6355B1DE}.Release|x86_32.Build.0 = Release|Win32
		{DFA0BA98-D0BA-4176-9A34-B5BA6355B1DE}.Release|x86_64.ActiveCfg = Release|x64
		{DFA0BA98-D0BA-4176-9A34-B5BA6355B1DE}.Release|x86_64.Build.0 = Release|x64
		{25E5B551-F9DD-4D25-A7CD-A1090B558A49}.Debug|x86_32.ActiveCfg = Debug|Win32
		{25E5B551-F9DD-4D25-A7CD-A1090B558A49}.Debug|x86_32.Build.0 = Debug|Win32
		{25E5B551-F9DD-4D25-A7CD-A1090B558A49}.Debug|x86_64.ActiveCfg = Debug|x64
		{25E5B551-F9DD-4D25-A7CD-A1090B558A49}.Debug|x86_64.Build.0 = Debug|x64
		{25E5B551-F9DD-4D25-A7CD-A1090B558A49}.Release|x86_32.ActiveCfg = Release|Win32
		{25E5B551-F9DD-4D25-A7CD-A1090B558A49}.Release|x86_32.Build.0 = Release|Win32
		{25E5B551-F9DD-4D25-A7CD-A1090B558A49}.Release|x86_64.ActiveCfg = Release|x64
		{25E5B551-F9DD-4D25-A7CD-A1090B558A49}.Release|x86_64.Build.0 = Release|x64
		{78B6BD15-644D-496B-A5B0-1D964696D867}.Debug|x86_32.ActiveCfg = Debug|Win32
		{78B6BD15-644D-496B-A5B0-1D964696D867}.Debug|x86_32.Build.0 = Debug|Win32
		{78B6BD15-644D-496B-A5B0-1D964696D867}.Debug|x86_64.ActiveCfg = Debug|x64
		{78B6BD15-644D-496B-A5B0-1D964696D867}.Debug|x86_64.Build.0 = Debug|x64
		{78B6BD15-644D-496B-A5B0-1D964696D867}.Release|x86_32.ActiveCfg = Release|Win32
		{78B6BD15-644D-496B-A5B0-1D964696D867}.Release|x86_32.Build.0 = Release|Win32
		{78B6BD15-644D-496B-A5B0-1D964696D867}.Release|x86_64.ActiveCfg = Release|x64
		{78B6BD15-644D-496B-A5B0-1D964696D867}.Release|x86_64.Build.0 = Release|x64
		{A6F3DBC3-01FE-4A63-B24D-927B0920D393}.Debug|x86_32.ActiveCfg = Debug|Win32
		{A6F3DBC3-01FE-4A63-B24D-927B0920D393}.Debug|x86_32.Build.0 = Debug|Win32
		{A6F3DBC3-01FE-4A63-B24D-927B0920D393}.Debug|x86_64.ActiveCfg = Debug|x64
		{A6F3DBC3-01FE-4A63-B24D-927B0920D393}.Debug|x86_64.Build.0 = Debug|x64
		{A6F3DBC3-01FE-4A63-B24D-927B0920D393}.Release|x86_32.ActiveCfg = Release|Win32
		{A6F3DBC3-01FE-4A63-B24D-927B0920D393}.Release|x86_32.Build.0 = Release|Win32
		{A6F3DBC3-01FE-4A63-B24D-927B0920D393}.Release|x86_64.ActiveCfg = Release|x64
		{A6F3DBC3-01FE-4A63-B24D-927B0920D393}.Release|x86_64.Build.0 = Release|x64
		{E65DAD8F-B2D7-4CF7-9151-FBFCEF766968}.Debug|x86_32.ActiveCfg = Debug|Win32
		{E65DAD8F-B2D7-4CF7-9151-FBFCEF766968}.Debug|x86_32.Build.0 = Debug|Win32
		{E65DAD8F-B2D7-4CF7-9151-FBFCEF766968}.Debug|x86_64.ActiveCfg = Debug|x64
		{E65DAD8F-B2D7-4CF7-9151-FBFCEF766968}.Debug|x86_64.Build.0 = Debug|x64
		{E65DAD8F-B2D7-4CF7-9151-FBFCEF766968}.Release|x86_32.ActiveCfg = Release|Win32
		{E65DAD8F-B2D7-4CF7-9151-FBFCEF766968}.Release|x86_32.Build.0 = Release|Win32
		{E65DAD8F-B2D7-4CF7-9151-FBFCEF766968}.Release|x86_64.ActiveCfg = Release|x64
		{E65DAD8F-B2D7-4CF7-9151-FBFCEF766968}.Release|x86_64.Build.0 = Release|x64
		{3135D563-9596-4584-9ED6-616ADEC52974}.Debug|x86_32.ActiveCfg = Debug|Win32
		{3135D563-9596-4584-9ED6-616ADEC52974}.Debug|x86_32.Build.0 = Debug|Win32
		{3135D563-9596-4584-9ED6-616ADEC52974}.Debug|x86_64.ActiveCfg = Debug|x64
		{3135D563-9596-4584-9ED6-616ADEC52974}.Debug|x86_64.Build.0 = Debug|x64
		{3135D563-9596-4584-9ED6-616ADEC52974}.Release|x86_32.ActiveCfg = Release|Win32
		{3135D563-9596-4584-9ED6-616ADEC52974}.Release|x86_32.Build.0 = Release|Win32
		{3135D563-9596-4584-9ED6-616ADEC52974}.Release|x86_64.ActiveCfg = Release|x64
		{3135D563-9596-4584-9ED6-616ADEC52974}.Release|x86_64.Build.0 = Release|x64
		{628E3F58-0AA9-40BB-8E49-D8CC513AAD63}.Debug|x86_32.ActiveCfg = Debug|Win32
		{628E3F58-0AA9-40BB-8E49-D8CC513AAD63}.Debug|x86_32.Build.0 = Debug|Win32
		{628E3F58-0AA9-40BB-8E49-D8CC513AAD63}.Debug|x86_64.ActiveCfg = Debug|x64
		{628E3F58-0AA9-40BB-8E49-D8CC513AAD63}.Debug|x86_64.Build.0 = Debug|x64
		{628E3F58-0AA9-40BB-8E49-D8CC513AAD63}.Release|x86_32.ActiveCfg = Release|Win32
		{628E3F58-0AA9-40BB-8E49-D8CC513AAD63}.Release|x86_32.Build.0 = Release|Win32
		{628E3F58-0AA9-40BB-8E49-D8CC513AAD63}.Release|x86_64.ActiveCfg = Release|x64
		{628E3F58-0AA9-40BB-8E49-D8CC513AAD63}.Release|x86_64.Build.0 = Release|x64
		{984927FE-DDE3-4BD6-B289-F8E49A1204B8}.Debug|x86_32.ActiveCfg = Debug|Win32
		{984927FE-DDE3-4BD6-B289-F8E49A1204B8}.Debug|x86_32.Build.0 = Debug|Win32
		{984927FE-DDE3-4BD6-B289-F8E49A1204B8}.Debug|x86_64.ActiveCfg = Debug|x64
		{984927FE-DDE3-4BD6-B289-F8E49A1204B8}.Debug|x86_64.Build.0 = Debug|x64
		{984927FE-DDE3-4BD6-B289-F8E49A1204B8}.Release|x86_32.ActiveCfg = Release|Win32
		{984927FE-DDE3-4BD6-B289-F8E49A1204B8}.Release|x86_32.Build.0 = Release|Win32
		{984927FE-DDE3-4BD6-B289-F8E49A1204B8}.Release|x86_64.ActiveCfg = Release|x64
		{984927FE-DDE3-4BD6-B289-F8E49A1204B8}.Release|x86_64.Build.0 = Release|x64
		{D085632B-FEE9-4126-A6ED-030E88F4B8A3}.Debug|x86_32.ActiveCfg = Debug|Win32
		{D085632B-FEE9-4126-A6ED-030E88F4B8A3}.Debug|x86_32.Build.0 = Debug|Win32
		{D085632B-FEE9-4126-A6ED-030E88F4B8A3}.Debug|x86_64.ActiveCfg = Debug|x64
		{D085632B-FEE9-4126-A6ED-030E88F4B8A3}.Debug|x86_64.Build.0 = Debug|x64
		{D085632B-FEE9-4126-A6ED-030E88F4B8A3}.Release|x86_32.ActiveCfg = Release|Win32
		{D085632B-FEE9-4126-A6ED-030E88F4B8A3}.Release|x86_32.Build.0 = Release|Win32
		{D085632B-FEE9-4126-A6ED-030E88F4B8A3}.Release|x86_64.ActiveCfg = Release|x64
		{D085632B-FEE9-4126-A6ED-030E88F4B8A3}.Release|x86_64.Build.0 = Release|x64
		{90A6AF01-88EF-4A77-956D-5391B6D097A3}.Debug|x86_32.ActiveCfg = Debug|Win32
		{90A6AF01-88EF-4A77-956D-5391B6D097A3}.Debug|x86_32.Build.0 = Debug|Win32
		{90A6AF01-88EF-4A77-956D-5391B6D097A3}.Debug|x86_64.ActiveCfg = Debug|x64
		{90A6AF01-88EF-4A77-956D-5391B6D097A3}.Debug|x86_64.Build.0 = Debug|x64
		{90A6AF01-88EF-4A77-956D-5391B6D097A3}.Release|x86_32.ActiveCfg = Release|Win32
		{90A6AF01-88EF-4A77-956D-5391B6D097A3}.Release|x86_32.Build.0 = Release|Win32
		{90A6AF01-88EF-4A77-956D-5391B6D097A3}.Release|x86_64.ActiveCfg = Release|x64
		{90A6AF01-88EF-4A77-956D-5391B6D097A3}.Release|x86_64.Build.0 = Release|x64
		{3C59992B-38EA-43B4-B015-AC8CFA2E2494}.Debug|x86_32.ActiveCfg = Debug|Win32
		{3C59992B-38EA-43B4-B015-AC8CFA2E2494}.Debug|x86_32.Build.0 = Debug|Win32
		{3C59992B-38EA-43B4-B015-AC8CFA2E2494}.Debug|x86_64.ActiveCfg = Debug|x64
		{3C59992B-38EA-43B4-B015-AC8CFA2E2494}.Debug|x86_64.Build.0 = Debug|x64
		{3C59992B-38EA-43B4-B015-AC8CFA2E2494}.Release|x86_32.ActiveCfg = Release|Win32
		{3C59992B-38EA-43B4-B015-AC8CFA2E2494}.Release|x86_32.Build.0 = Release|Win32
		{3C59992B-38EA-43B4-B015-AC8CFA2E2494}.Release|x86_64.ActiveCfg = Release|x64
		{3C59992B-38EA-43B4-B015-AC8CFA2E2494}.Release|x86_64.Build.0 = Release|x64
		{1596254C-F747-4AEC-AFB7-0D06404A7A60}.Debug|x86_32.ActiveCfg = Debug|Win32
		{1596254C-F747-4AEC-AFB7-0D06404A7A60}.Debug|x86_32.Build.0 = Debug|Win32
		{1596254C-F747-4AEC-AFB7-0D06404A7A60}.Debug|x86_64.ActiveCfg = Debug|x64
		{1596254C-F747-4AEC-AFB7-0D06404A7A60}.Debug|x86_64.Build.0 = Debug|x64
		{1596254C-F747-4AEC-AFB7-0D06404A7A60}.Release|x86_32.ActiveCfg = Release|Win32
		{1596254C-F747-4AEC-AFB7-0D06404A7A60}.Release|x86_32.Build.0 = Release|Win32
		{1596254C-F747-4AEC-AFB7-0D06404A7A60}.Release|x86_64.ActiveCfg = Release|x64
		{1596254C-F747-4AEC-AFB7-0D06404A7A60}.Release|x86_64.Build.0 = Release|x64
		{74F44DD7-6267-40AD-A5E8-931FFA363D2A}.Debug|x86_32.ActiveCfg = Debug|Win32
		{74F44DD7-6267-40AD-A5E8-931FFA363D2A}.Debug|x86_32.Build.0 = Debug|Win32
		{74F44DD7-6267-40AD-A5E8-931FFA363D2A}.Debug|x86_64.ActiveCfg = Debug|x64
		{74F44DD7-6267-40AD-A5E8-931FFA363D2A}.Debug|x86_64.Build.0 = Debug|x64
		{74F44DD7-6267-40AD-A5E8-931FFA363D2A}.Release|x86_32.ActiveCfg = Release|Win32
		{74F44DD7-6267-40AD-A5E8-931FFA363D2A}.Release|x86_32.Build.0 = Release|Win32
		{74F44DD7-6267-40AD-A5E8-931FFA363D2A}.Release|x86_64.ActiveCfg = Release|x64
		{74F44DD7-6267-40AD-A5E8-931FFA363D2A}.Release|x86_64.Build.0 = Release|x64
		{D9277A92-969D-400C-AC7A-26BD17D8C54F}.Debug|x86_32.ActiveCfg = Debug|Win32
		{D9277A92-969D-400C-AC7A-26BD17D8C54F}.Debug|x86_32.Build.0 = Debug|Win32
		{D9277A92-969D-400C-AC7A-26BD17D8C54F}.Debug|x86_64.ActiveCfg = Debug|x64
		{D9277A92-969D-400C-AC7A-26BD17D8C54F}.Debug|x86_64.Build.0 = Debug|x64
		{D9277A92-969D-400C-AC7A-26BD17D8C54F}.Release|x86_32.ActiveCfg = Release|Win32
		{D9277A92-969D-400C-AC7A-26BD17D8C54F}.Release|x86_32.Build.0 = Release|Win32
		{D9277A92-969D-400C-AC7A-26BD17D8C54F}.Release|x86_64.ActiveCfg = Release|x64
		{D9277A92-969D-400C-AC7A-26BD17D8C54F}.Release|x86_64.Build.0 = Release|x64
		{BE4C8D10-A2B6-4442-92F3-B3589EF35AEE}.Debug|x86_32.ActiveCfg = Debug|Win32
		{BE4C8D10-A2B6-4442-92F3-B3589EF35AEE}.Debug|x86_32.Build.0 = Debug|Win32
		{BE4C8D10-A2B6-4442-92F3-B3589EF35AEE}.Debug|x86_64.ActiveCfg = Debug|x64
		{BE4C8D10-A2B6-4442-92F3-B3589EF35AEE}.Debug|x86_64.Build.0 = Debug|x64
		{BE4C8D10-A2B6-4442-92F3-B3589EF35AEE}.Release|x86_32.ActiveCfg = Release|Win32
		{BE4C8D10-A2B6-4442-92F3-B3589EF35AEE}.Release|x86_32.Build.0 = Release|Win32
		{BE4C8D10-A2B6-4442-92F3-B3589EF35AEE}.Release|x86_64.ActiveCfg = Release|x64
		{BE4C8D10-A2B6-4442-92F3-B3589EF35AEE}.Release|x86_64.Build.0 = Release|x64
		{93BAE040-345F-43F9-BB5B-CD466793CFDF}.Debug|x86_32.ActiveCfg = Debug|Win32
		{93BAE040-345F-43F9-BB5B-CD466793CFDF}.Debug|x86_32.Build.0 = Debug|Win32
		{93BAE040-345F-43F9-BB5B-CD466793CFDF}.Debug|x86_64.ActiveCfg = Debug|x64
		{93BAE040-345F-43F9-BB5B-CD466793CFDF}.Debug|x86_64.Build.0 = Debug|x64
		{93BAE040-345F-43F9-BB5B-CD466793CFDF}.Release|x86_32.ActiveCfg = Release|Win32
		{93BAE040-345F-43F9-BB5B-CD466793CFDF}.Release|x86_32.Build.0 = Release|Win32
		{93BAE040-345F-43F9-BB5B-CD466793CFDF}.Release|x86_64.ActiveCfg = Release|x64
		{93BAE040-345F-43F9-BB5B-CD466793CFDF}.Release|x86_64.Build.0 = Release|x64
		{6738E0E8-B733-41DB-AECF-04FACEB2AC3C}.Debug|x86_32.ActiveCfg = Debug|Win32
		{6738E0E8-B733-41DB-AECF-04FACEB2AC3C}.Debug|x86_32.Build.0 = Debug|Win32
		{6738E0E8-B733-41DB-AECF-04FACEB2AC3C}.Debug|x86_64.ActiveCfg = Debug|x64
		{6738E0E8-B733-41DB-AECF-04FACEB2AC3C}.Debug|x86_64.Build.0 = Debug|x64
		{6738E0E8-B733-41DB-AECF-04FACEB2AC3C}.Release|x86_32.ActiveCfg = Release|Win32
		{6738E0E8-B733-41DB-AECF-04FACEB2AC3C}.Release|x86_32.Build.0 = Release|Win32
		{6738E0E8-B733-41DB-AECF-04FACEB2AC3C}.Release|x86_64.ActiveCfg = Release|x64
		{6738E0E8-B733-41DB-AECF-04FACEB2AC3C}.Release|x86_64.Build.0 = Release|x64
		{330510F9-4AC9-4DB6-92EC-56C6A98CB393}.Debug|x86_32.ActiveCfg = Debug|Win32
		{330510F9-4AC9-4DB6-92EC-56C6A98CB393}.Debug|x86_32.Build.0 = Debug|Win32
		{330510F9-4AC9-4DB6-92EC-56C6A98CB393}.Debug|x86_64.ActiveCfg = Debug|x64
		{330510F9-4AC9-4DB6-92EC-56C6A98CB393}.Debug|x86_64.Build.0 = Debug|x64
		{330510F9-4AC9-4DB6-92EC-56C6A98CB393}.Release|x86_32.ActiveCfg = Release|Win32
		{330510F9-4AC9-4DB6-92EC-56C6A98CB393}.Release|x86_32.Build.0 = Release|Win32
		{330510F9-4AC9-4DB6-92EC-56C6A98CB393}.Release|x86_64.ActiveCfg = Release|x64
		{330510F9-4AC9-4DB6-92EC-56C6A98CB393}.Release|x86_64.Build.0 = Release|x64
		{5984B1BA-6999-402E-BB5E-F58C298270CB}.Debug|x86_32.ActiveCfg = Debug|Win32
		{5984B1BA-6999-402E-BB5E-F58C298270CB}.Debug|x86_32.Build.0 = Debug|Win32
		{5984B1BA-6999-402E-BB5E-F58C298270CB}.Debug|x86_64.ActiveCfg = Debug|x64
		{5984B1BA-6999-402E-BB5E-F58C298270CB}.Debug|x86_64.Build.0 = Debug|x64
		{5984B1BA-6999-402E-BB5E-F58C298270CB}.Release|x86_32.ActiveCfg = Release|Win32
		{5984B1BA-6999-402E-BB5E-F58C298270CB}.Release|x86_32.Build.0 = Release|Win32
		{5984B1BA-6999-402E-BB5E-F58C298270CB}.Release|x86_64.ActiveCfg = Release|x64
		{5984B1BA-6999-402E-BB5E-F58C298270CB}.Release|x86_64.Build.0 = Release|x64
		{5ADAB8AE-54B6-4EF5-8FF8-884FE430BE51}.Debug|x86_32.ActiveCfg = Debug|Win32
		{5ADAB8AE-54B6-4EF5-8FF8-884FE430BE51}.Debug|x86_32.Build.0 = Debug|Win32
		{5ADAB8AE-54B6-4EF5-8FF8-884FE430BE51}.Debug|x86_64.ActiveCfg = Debug|x64
		{5ADAB8AE-54B6-4EF5-8FF8-884FE430BE51}.Debug|x86_64.Build.0 = Debug|x64
		{5ADAB8AE-54B6-4EF5-8FF8-884FE430BE51}.Release|x86_32.ActiveCfg = Release|Win32
		{5ADAB8AE-54B6-4EF5-8FF8-884FE430BE51}.Release|x86_32.Build.0 = Release|Win32
		{5ADAB8AE-54B6-4EF5-8FF8-884FE430BE51}.Release|x86_64.ActiveCfg = Release|x64
		{5ADAB8AE-54B6-4EF5-8FF8-884FE430BE51}.Release|x86_64.Build.0 = Release|x64
		{9CD88C50-8673-473B-879A-8B7FDCBCE5C9}.Debug|x86_32.ActiveCfg = Debug|Win32
		{9CD88C50-8673-473B-879A-8B7FDCBCE5C9}.Debug|x86_32.Build.0 = Debug|Win32
		{9CD88C50-8673-473B-879A-8B7FDCBCE5C9}.Debug|x86_64.ActiveCfg = Debug|x64
		{9CD88C50-8673-473B-879A-8B7FDCBCE5C9}.Debug|x86_64.Build.0 = Debug|x64
		{9CD88C50-8673-473B-879A-8B7FDCBCE5C9}.Release|x86_32.ActiveCfg = Release|Win32
		{9CD88C50-8673-473B-879A-8B7FDCBCE5C9}.Release|x86_32.Build.0 = Release|Win32
		{9CD88C50-8673-473B-879A-8B7FDCBCE5C9}.Release|x86_64.ActiveCfg = Release|x64
		{9CD88C50-8673-473B-879A-8B7FDCBCE5C9}.Release|x86_64.Build.0 = Release|x64
	EndGlobalSection
	GlobalSection(SolutionProperties) = preSolution
		HideSolutionNode = FALSE
	EndGlobalSection
	GlobalSection(NestedProjects) = preSolution
		{DFA0BA98-D0BA-4176-9A34-B5BA6355B1DE} = {F52EBFEF-72E2-444F-8BE5-36059421C6D5}
		{25E5B551-F9DD-4D25-A7CD-A1090B558A49} = {F52EBFEF-72E2-444F-8BE5-36059421C6D5}
		{78B6BD15-644D-496B-A5B0-1D964696D867} = {F52EBFEF-72E2-444F-8BE5-36059421C6D5}
		{A6F3DBC3-01FE-4A63-B24D-927B0920D393} = {F52EBFEF-72E2-444F-8BE5-36059421C6D5}
		{E65DAD8F-B2D7-4CF7-9151-FBFCEF766968} = {D2A21B22-26D9-467B-AD07-EFE7D6164FF0}
		{3135D563-9596-4584-9ED6-616ADEC52974} = {D2A21B22-26D9-467B-AD07-EFE7D6164FF0}
		{628E3F58-0AA9-40BB-8E49-D8CC513AAD63} = {D2A21B22-26D9-467B-AD07-EFE7D6164FF0}
		{984927FE-DDE3-4BD6-B289-F8E49A1204B8} = {F52EBFEF-72E2-444F-8BE5-36059421C6D5}
		{D085632B-FEE9-4126-A6ED-030E88F4B8A3} = {F52EBFEF-72E2-444F-8BE5-36059421C6D5}
		{90A6AF01-88EF-4A77-956D-5391B6D097A3} = {F52EBFEF-72E2-444F-8BE5-36059421C6D5}
		{3C59992B-38EA-43B4-B015-AC8CFA2E2494} = {F52EBFEF-72E2-444F-8BE5-36059421C6D5}
		{1596254C-F747-4AEC-AFB7-0D06404A7A60} = {F52EBFEF-72E2-444F-8BE5-36059421C6D5}
		{74F44DD7-6267-40AD-A5E8-931FFA363D2A} = {F52EBFEF-72E2-444F-8BE5-36059421C6D5}
		{D9277A92-969D-400C-AC7A-26BD17D8C54F} = {F52EBFEF-72E2-444F-8BE5-36059421C6D5}
		{BE4C8D10-A2B6-4442-92F3-B3589EF35AEE} = {F52EBFEF-72E2-444F-8BE5-36059421C6D5}
		{93BAE040-345F-43F9-BB5B-CD466793CFDF} = {F52EBFEF-72E2-444F-8BE5-36059421C6D5}
		{6738E0E8-B733-41DB-AECF-04FACEB2AC3C} = {F52EBFEF-72E2-444F-8BE5-36059421C6D5}
		{330510F9-4AC9-4DB6-92EC-56C6A98CB393} = {F52EBFEF-72E2-444F-8BE5-36059421C6D5}
		{5984B1BA-6999-402E-BB5E-F58C298270CB} = {F52EBFEF-72E2-444F-8BE5-36059421C6D5}
		{5ADAB8AE-54B6-4EF5-8FF8-884FE430BE51} = {F52EBFEF-72E2-444F-8BE5-36059421C6D5}
		{9CD88C50-8673-473B-879A-8B7FDCBCE5C9} = {F52EBFEF-72E2-444F-8BE5-36059421C6D5}
	EndGlobalSection
EndGlobal
